PODS:
  - JTAppleCalendar (7.1.6)
  - Kingfisher (4.10.1)
  - Realm (3.13.1):
    - Realm/Headers (= 3.13.1)
  - Realm/Headers (3.13.1)
  - RealmSwift (3.13.1):
    - Realm (= 3.13.1)
  - SwiftDate (5.0.13)
  - SwifterSwift (4.6.0):
    - SwifterSwift/AppKit (= 4.6.0)
    - SwifterSwift/CoreGraphics (= 4.6.0)
    - SwifterSwift/CoreLocation (= 4.6.0)
    - SwifterSwift/Foundation (= 4.6.0)
    - SwifterSwift/MapKit (= 4.6.0)
    - SwifterSwift/SpriteKit (= 4.6.0)
    - SwifterSwift/SwiftStdlib (= 4.6.0)
    - SwifterSwift/UIKit (= 4.6.0)
  - SwifterSwift/AppKit (4.6.0)
  - SwifterSwift/CoreGraphics (4.6.0)
  - SwifterSwift/CoreLocation (4.6.0)
  - SwifterSwift/Foundation (4.6.0)
  - SwifterSwift/MapKit (4.6.0)
  - SwifterSwift/SpriteKit (4.6.0)
  - SwifterSwift/SwiftStdlib (4.6.0)
  - SwifterSwift/UIKit (4.6.0)
  - VBRRollingPit (1.0.1)

DEPENDENCIES:
  - JTAppleCalendar (~> 7.0)
  - Kingfisher (~> 4.0)
  - RealmSwift
  - SwiftDate (~> 5.0)
  - SwifterSwift
  - VBRRollingPit

SPEC REPOS:
  https://github.com/cocoapods/specs.git:
    - JTAppleCalendar
    - Kingfisher
    - Realm
    - RealmSwift
    - SwiftDate
    - SwifterSwift
    - VBRRollingPit

SPEC CHECKSUMS:
  JTAppleCalendar: abb30678f42a4ef8a340a932b1dcb8c85a33dac2
  Kingfisher: c148cd7b47ebde9989f6bc7c27dcaa79d81279a0
  Realm: 50071da38fe079e0735e47c9f2eae738c68c5996
  RealmSwift: 8a1e6a02b7a08cd17a31e3115143fb69fe5f3fb9
  SwiftDate: f4aea5fa9dee812485f34041121a4cbde01b0dee
  SwifterSwift: 812ffec6f301922f5430e75be3f2939ea3a80024
  VBRRollingPit: 62a79cc663aeea6a196878b3a907056617f96b6a

PODFILE CHECKSUM: b261b72b2b9d232d279169687b6c27630848f210

COCOAPODS: 1.6.0.beta.2
