PODS:
  - JTAppleCalendar (7.1.6)
  - Kingfisher (4.10.1)
  - Realm (3.13.1):
    - Realm/Headers (= 3.13.1)
  - Realm/Headers (3.13.1)
  - RealmSwift (3.13.1):
    - Realm (= 3.13.1)
  - SwiftDate (5.0.13)
  - SwifterSwift (4.6.0):
    - SwifterSwift/AppKit (= 4.6.0)
    - SwifterSwift/CoreGraphics (= 4.6.0)
    - SwifterSwift/CoreLocation (= 4.6.0)
    - SwifterSwift/Foundation (= 4.6.0)
    - SwifterSwift/MapKit (= 4.6.0)
    - SwifterSwift/SpriteKit (= 4.6.0)
    - SwifterSwift/SwiftStdlib (= 4.6.0)
    - SwifterSwift/UIKit (= 4.6.0)
  - SwifterSwift/AppKit (4.6.0)
  - SwifterSwift/CoreGraphics (4.6.0)
  - SwifterSwift/CoreLocation (4.6.0)
  - SwifterSwift/Foundation (4.6.0)
  - SwifterSwift/MapKit (4.6.0)
  - SwifterSwift/SpriteKit (4.6.0)
  - SwifterSwift/SwiftStdlib (4.6.0)
  - SwifterSwift/UIKit (4.6.0)

DEPENDENCIES:
  - JTAppleCalendar (~> 7.0)
  - Kingfisher (~> 4.0)
  - RealmSwift
  - SwiftDate (~> 5.0)
  - SwifterSwift

SPEC REPOS:
  https://github.com/cocoapods/specs.git:
    - JTAppleCalendar
    - Kingfisher
    - Realm
    - RealmSwift
    - SwiftDate
    - SwifterSwift

SPEC CHECKSUMS:
  JTAppleCalendar: abb30678f42a4ef8a340a932b1dcb8c85a33dac2
  Kingfisher: c148cd7b47ebde9989f6bc7c27dcaa79d81279a0
  Realm: 50071da38fe079e0735e47c9f2eae738c68c5996
  RealmSwift: 8a1e6a02b7a08cd17a31e3115143fb69fe5f3fb9
  SwiftDate: f4aea5fa9dee812485f34041121a4cbde01b0dee
  SwifterSwift: 812ffec6f301922f5430e75be3f2939ea3a80024

PODFILE CHECKSUM: 51ce49ac2ced7f14856b7af41fd2e57e99479ba7

COCOAPODS: 1.6.0.beta.2
