// !$*UTF8*$!
{
	archiveVersion = 1;
	classes = {
	};
	objectVersion = 51;
	objects = {

/* Begin PBXBuildFile section */
		7600572121A8F23500D293EE /* URLListing.swift in Sources */ = {isa = PBXBuildFile; fileRef = 7600572021A8F23500D293EE /* URLListing.swift */; };
		7673FB3021AE3486001FF044 /* Assets.xcassets in Resources */ = {isa = PBXBuildFile; fileRef = 76D60B60219D06110058EEB0 /* Assets.xcassets */; };
		769F46E7219E543000E89895 /* ScoreCell.swift in Sources */ = {isa = PBXBuildFile; fileRef = 769F46E5219E543000E89895 /* ScoreCell.swift */; };
		769F46E8219E543000E89895 /* ScoreCell.xib in Resources */ = {isa = PBXBuildFile; fileRef = 769F46E6219E543000E89895 /* ScoreCell.xib */; };
		76B478BA21AF693F00337D98 /* PeriodEnum.swift in Sources */ = {isa = PBXBuildFile; fileRef = 76B478B921AF693F00337D98 /* PeriodEnum.swift */; };
		76D60B5A219D060F0058EEB0 /* AppDelegate.swift in Sources */ = {isa = PBXBuildFile; fileRef = 76D60B59219D060F0058EEB0 /* AppDelegate.swift */; };
		76D60B5C219D060F0058EEB0 /* ViewController.swift in Sources */ = {isa = PBXBuildFile; fileRef = 76D60B5B219D060F0058EEB0 /* ViewController.swift */; };
		76D60B5F219D060F0058EEB0 /* Main.storyboard in Resources */ = {isa = PBXBuildFile; fileRef = 76D60B5D219D060F0058EEB0 /* Main.storyboard */; };
		76D60B64219D06110058EEB0 /* LaunchScreen.storyboard in Resources */ = {isa = PBXBuildFile; fileRef = 76D60B62219D06110058EEB0 /* LaunchScreen.storyboard */; };
		76F0AD0921A22E2A00249F28 /* GameScore.swift in Sources */ = {isa = PBXBuildFile; fileRef = 76F0AD0821A22E2A00249F28 /* GameScore.swift */; };
		76F0AD0B21A2300F00249F28 /* Scoreboard.swift in Sources */ = {isa = PBXBuildFile; fileRef = 76F0AD0A21A2300F00249F28 /* Scoreboard.swift */; };
		76F0AD0D21A2305800249F28 /* Game.swift in Sources */ = {isa = PBXBuildFile; fileRef = 76F0AD0C21A2305800249F28 /* Game.swift */; };
		76F0AD0F21A2309F00249F28 /* PeriodSummary.swift in Sources */ = {isa = PBXBuildFile; fileRef = 76F0AD0E21A2309F00249F28 /* PeriodSummary.swift */; };
		76F0AD1121A230C900249F28 /* Period.swift in Sources */ = {isa = PBXBuildFile; fileRef = 76F0AD1021A230C900249F28 /* Period.swift */; };
		76F0AD1321A2311D00249F28 /* TeamInfo.swift in Sources */ = {isa = PBXBuildFile; fileRef = 76F0AD1221A2311D00249F28 /* TeamInfo.swift */; };
		76F0AD1621A249D200249F28 /* TeamManager.swift in Sources */ = {isa = PBXBuildFile; fileRef = 76F0AD1521A249D200249F28 /* TeamManager.swift */; };
		76F118C121A4C4C1009E5F67 /* Team.swift in Sources */ = {isa = PBXBuildFile; fileRef = 76F118C021A4C4C1009E5F67 /* Team.swift */; };
		76F118C321A4C719009E5F67 /* Player.swift in Sources */ = {isa = PBXBuildFile; fileRef = 76F118C221A4C719009E5F67 /* Player.swift */; };
		76F118C621A4D537009E5F67 /* NetworkManager.swift in Sources */ = {isa = PBXBuildFile; fileRef = 76F118C521A4D537009E5F67 /* NetworkManager.swift */; };
		772B6025421B3DE3331C384B /* Pods_Hockey_Info.framework in Frameworks */ = {isa = PBXBuildFile; fileRef = 38DB8FFEEF99AE5B713D0CA3 /* Pods_Hockey_Info.framework */; };
/* End PBXBuildFile section */

/* Begin PBXFileReference section */
		38DB8FFEEF99AE5B713D0CA3 /* Pods_Hockey_Info.framework */ = {isa = PBXFileReference; explicitFileType = wrapper.framework; includeInIndex = 0; path = Pods_Hockey_Info.framework; sourceTree = BUILT_PRODUCTS_DIR; };
		7600572021A8F23500D293EE /* URLListing.swift */ = {isa = PBXFileReference; lastKnownFileType = sourcecode.swift; path = URLListing.swift; sourceTree = "<group>"; };
		769F46E5219E543000E89895 /* ScoreCell.swift */ = {isa = PBXFileReference; lastKnownFileType = sourcecode.swift; path = ScoreCell.swift; sourceTree = "<group>"; };
		769F46E6219E543000E89895 /* ScoreCell.xib */ = {isa = PBXFileReference; lastKnownFileType = file.xib; path = ScoreCell.xib; sourceTree = "<group>"; };
		76B478B921AF693F00337D98 /* PeriodEnum.swift */ = {isa = PBXFileReference; lastKnownFileType = sourcecode.swift; path = PeriodEnum.swift; sourceTree = "<group>"; };
		76D60B56219D060F0058EEB0 /* Hockey Info.app */ = {isa = PBXFileReference; explicitFileType = wrapper.application; includeInIndex = 0; path = "Hockey Info.app"; sourceTree = BUILT_PRODUCTS_DIR; };
		76D60B59219D060F0058EEB0 /* AppDelegate.swift */ = {isa = PBXFileReference; lastKnownFileType = sourcecode.swift; path = AppDelegate.swift; sourceTree = "<group>"; };
		76D60B5B219D060F0058EEB0 /* ViewController.swift */ = {isa = PBXFileReference; lastKnownFileType = sourcecode.swift; path = ViewController.swift; sourceTree = "<group>"; };
		76D60B5E219D060F0058EEB0 /* Base */ = {isa = PBXFileReference; lastKnownFileType = file.storyboard; name = Base; path = Base.lproj/Main.storyboard; sourceTree = "<group>"; };
		76D60B60219D06110058EEB0 /* Assets.xcassets */ = {isa = PBXFileReference; lastKnownFileType = folder.assetcatalog; path = Assets.xcassets; sourceTree = "<group>"; };
		76D60B63219D06110058EEB0 /* Base */ = {isa = PBXFileReference; lastKnownFileType = file.storyboard; name = Base; path = Base.lproj/LaunchScreen.storyboard; sourceTree = "<group>"; };
		76D60B65219D06110058EEB0 /* Info.plist */ = {isa = PBXFileReference; lastKnownFileType = text.plist.xml; path = Info.plist; sourceTree = "<group>"; };
		76F0AD0821A22E2A00249F28 /* GameScore.swift */ = {isa = PBXFileReference; lastKnownFileType = sourcecode.swift; path = GameScore.swift; sourceTree = "<group>"; };
		76F0AD0A21A2300F00249F28 /* Scoreboard.swift */ = {isa = PBXFileReference; lastKnownFileType = sourcecode.swift; path = Scoreboard.swift; sourceTree = "<group>"; };
		76F0AD0C21A2305800249F28 /* Game.swift */ = {isa = PBXFileReference; lastKnownFileType = sourcecode.swift; path = Game.swift; sourceTree = "<group>"; };
		76F0AD0E21A2309F00249F28 /* PeriodSummary.swift */ = {isa = PBXFileReference; lastKnownFileType = sourcecode.swift; path = PeriodSummary.swift; sourceTree = "<group>"; };
		76F0AD1021A230C900249F28 /* Period.swift */ = {isa = PBXFileReference; lastKnownFileType = sourcecode.swift; path = Period.swift; sourceTree = "<group>"; };
		76F0AD1221A2311D00249F28 /* TeamInfo.swift */ = {isa = PBXFileReference; lastKnownFileType = sourcecode.swift; path = TeamInfo.swift; sourceTree = "<group>"; };
		76F0AD1521A249D200249F28 /* TeamManager.swift */ = {isa = PBXFileReference; lastKnownFileType = sourcecode.swift; path = TeamManager.swift; sourceTree = "<group>"; };
		76F118C021A4C4C1009E5F67 /* Team.swift */ = {isa = PBXFileReference; lastKnownFileType = sourcecode.swift; path = Team.swift; sourceTree = "<group>"; };
		76F118C221A4C719009E5F67 /* Player.swift */ = {isa = PBXFileReference; lastKnownFileType = sourcecode.swift; path = Player.swift; sourceTree = "<group>"; };
		76F118C521A4D537009E5F67 /* NetworkManager.swift */ = {isa = PBXFileReference; lastKnownFileType = sourcecode.swift; path = NetworkManager.swift; sourceTree = "<group>"; };
		96E07D2F0940FA8A3635712C /* Pods-Hockey Info.debug.xcconfig */ = {isa = PBXFileReference; includeInIndex = 1; lastKnownFileType = text.xcconfig; name = "Pods-Hockey Info.debug.xcconfig"; path = "Pods/Target Support Files/Pods-Hockey Info/Pods-Hockey Info.debug.xcconfig"; sourceTree = "<group>"; };
		E3619F0A6A1F92A56F6525C4 /* Pods-Hockey Info.release.xcconfig */ = {isa = PBXFileReference; includeInIndex = 1; lastKnownFileType = text.xcconfig; name = "Pods-Hockey Info.release.xcconfig"; path = "Pods/Target Support Files/Pods-Hockey Info/Pods-Hockey Info.release.xcconfig"; sourceTree = "<group>"; };
/* End PBXFileReference section */

/* Begin PBXFrameworksBuildPhase section */
		76D60B53219D060F0058EEB0 /* Frameworks */ = {
			isa = PBXFrameworksBuildPhase;
			buildActionMask = 2147483647;
			files = (
				772B6025421B3DE3331C384B /* Pods_Hockey_Info.framework in Frameworks */,
			);
			runOnlyForDeploymentPostprocessing = 0;
		};
/* End PBXFrameworksBuildPhase section */

/* Begin PBXGroup section */
		76D60B4D219D060F0058EEB0 = {
			isa = PBXGroup;
			children = (
				76D60B58219D060F0058EEB0 /* Hockey Info */,
				76D60B57219D060F0058EEB0 /* Products */,
				B624197FF41FCB21FFC70336 /* Pods */,
				94206E9051B91E02CF05169A /* Frameworks */,
			);
			sourceTree = "<group>";
		};
		76D60B57219D060F0058EEB0 /* Products */ = {
			isa = PBXGroup;
			children = (
				76D60B56219D060F0058EEB0 /* Hockey Info.app */,
			);
			name = Products;
			sourceTree = "<group>";
		};
		76D60B58219D060F0058EEB0 /* Hockey Info */ = {
			isa = PBXGroup;
			children = (
				76F118C721A4DBFF009E5F67 /* Data Manager */,
				76F118C421A4D4E3009E5F67 /* Network */,
				76F0AD1421A2336900249F28 /* Data Model */,
				76D60B59219D060F0058EEB0 /* AppDelegate.swift */,
				76F0AD07219FCD0000249F28 /* Model */,
				76F0AD06219FCCBB00249F28 /* Controller */,
				76F0AD05219FCCAA00249F28 /* View */,
				76D60B60219D06110058EEB0 /* Assets.xcassets */,
				76D60B62219D06110058EEB0 /* LaunchScreen.storyboard */,
				76D60B65219D06110058EEB0 /* Info.plist */,
			);
			path = "Hockey Info";
			sourceTree = "<group>";
		};
		76F0AD05219FCCAA00249F28 /* View */ = {
			isa = PBXGroup;
			children = (
				769F46E6219E543000E89895 /* ScoreCell.xib */,
				76D60B5D219D060F0058EEB0 /* Main.storyboard */,
			);
			path = View;
			sourceTree = "<group>";
		};
		76F0AD06219FCCBB00249F28 /* Controller */ = {
			isa = PBXGroup;
			children = (
				76D60B5B219D060F0058EEB0 /* ViewController.swift */,
			);
			path = Controller;
			sourceTree = "<group>";
		};
		76F0AD07219FCD0000249F28 /* Model */ = {
			isa = PBXGroup;
			children = (
				769F46E5219E543000E89895 /* ScoreCell.swift */,
				76F0AD0821A22E2A00249F28 /* GameScore.swift */,
				76F0AD0A21A2300F00249F28 /* Scoreboard.swift */,
				76F0AD0C21A2305800249F28 /* Game.swift */,
				76F0AD0E21A2309F00249F28 /* PeriodSummary.swift */,
				76F0AD1021A230C900249F28 /* Period.swift */,
				76F0AD1221A2311D00249F28 /* TeamInfo.swift */,
				76B478B921AF693F00337D98 /* PeriodEnum.swift */,
			);
			path = Model;
			sourceTree = "<group>";
		};
		76F0AD1421A2336900249F28 /* Data Model */ = {
			isa = PBXGroup;
			children = (
				76F118C021A4C4C1009E5F67 /* Team.swift */,
				76F118C221A4C719009E5F67 /* Player.swift */,
			);
			path = "Data Model";
			sourceTree = "<group>";
		};
		76F118C421A4D4E3009E5F67 /* Network */ = {
			isa = PBXGroup;
			children = (
				76F118C521A4D537009E5F67 /* NetworkManager.swift */,
				7600572021A8F23500D293EE /* URLListing.swift */,
			);
			path = Network;
			sourceTree = "<group>";
		};
		76F118C721A4DBFF009E5F67 /* Data Manager */ = {
			isa = PBXGroup;
			children = (
				76F0AD1521A249D200249F28 /* TeamManager.swift */,
			);
			path = "Data Manager";
			sourceTree = "<group>";
		};
		94206E9051B91E02CF05169A /* Frameworks */ = {
			isa = PBXGroup;
			children = (
				38DB8FFEEF99AE5B713D0CA3 /* Pods_Hockey_Info.framework */,
			);
			name = Frameworks;
			sourceTree = "<group>";
		};
		B624197FF41FCB21FFC70336 /* Pods */ = {
			isa = PBXGroup;
			children = (
				96E07D2F0940FA8A3635712C /* Pods-Hockey Info.debug.xcconfig */,
				E3619F0A6A1F92A56F6525C4 /* Pods-Hockey Info.release.xcconfig */,
			);
			name = Pods;
			sourceTree = "<group>";
		};
/* End PBXGroup section */

/* Begin PBXNativeTarget section */
		76D60B55219D060F0058EEB0 /* Hockey Info */ = {
			isa = PBXNativeTarget;
			buildConfigurationList = 76D60B68219D06110058EEB0 /* Build configuration list for PBXNativeTarget "Hockey Info" */;
			buildPhases = (
				D07ADEBB859BA38168C09C0A /* [CP] Check Pods Manifest.lock */,
				76D60B52219D060F0058EEB0 /* Sources */,
				76D60B53219D060F0058EEB0 /* Frameworks */,
				76D60B54219D060F0058EEB0 /* Resources */,
				650082657479FF987C5B86E2 /* [CP] Embed Pods Frameworks */,
			);
			buildRules = (
			);
			dependencies = (
			);
			name = "Hockey Info";
			productName = "Hockey Info";
			productReference = 76D60B56219D060F0058EEB0 /* Hockey Info.app */;
			productType = "com.apple.product-type.application";
		};
/* End PBXNativeTarget section */

/* Begin PBXProject section */
		76D60B4E219D060F0058EEB0 /* Project object */ = {
			isa = PBXProject;
			attributes = {
				LastSwiftUpdateCheck = 1010;
				LastUpgradeCheck = 1010;
				ORGANIZATIONNAME = "Larry Burris";
				TargetAttributes = {
					76D60B55219D060F0058EEB0 = {
						CreatedOnToolsVersion = 10.1;
					};
				};
			};
			buildConfigurationList = 76D60B51219D060F0058EEB0 /* Build configuration list for PBXProject "Hockey Info" */;
			compatibilityVersion = "Xcode 10.0";
			developmentRegion = en;
			hasScannedForEncodings = 0;
			knownRegions = (
				en,
				Base,
			);
			mainGroup = 76D60B4D219D060F0058EEB0;
			productRefGroup = 76D60B57219D060F0058EEB0 /* Products */;
			projectDirPath = "";
			projectRoot = "";
			targets = (
				76D60B55219D060F0058EEB0 /* Hockey Info */,
			);
		};
/* End PBXProject section */

/* Begin PBXResourcesBuildPhase section */
		76D60B54219D060F0058EEB0 /* Resources */ = {
			isa = PBXResourcesBuildPhase;
			buildActionMask = 2147483647;
			files = (
				76D60B64219D06110058EEB0 /* LaunchScreen.storyboard in Resources */,
				769F46E8219E543000E89895 /* ScoreCell.xib in Resources */,
				7673FB3021AE3486001FF044 /* Assets.xcassets in Resources */,
				76D60B5F219D060F0058EEB0 /* Main.storyboard in Resources */,
			);
			runOnlyForDeploymentPostprocessing = 0;
		};
/* End PBXResourcesBuildPhase section */

/* Begin PBXShellScriptBuildPhase section */
		650082657479FF987C5B86E2 /* [CP] Embed Pods Frameworks */ = {
			isa = PBXShellScriptBuildPhase;
			buildActionMask = 2147483647;
			files = (
			);
			inputFileListPaths = (
			);
			inputPaths = (
				"${SRCROOT}/Pods/Target Support Files/Pods-Hockey Info/Pods-Hockey Info-frameworks.sh",
				"${BUILT_PRODUCTS_DIR}/Alamofire/Alamofire.framework",
				"${BUILT_PRODUCTS_DIR}/JTAppleCalendar/JTAppleCalendar.framework",
				"${BUILT_PRODUCTS_DIR}/Kingfisher/Kingfisher.framework",
				"${BUILT_PRODUCTS_DIR}/Realm/Realm.framework",
				"${BUILT_PRODUCTS_DIR}/RealmSwift/RealmSwift.framework",
				"${BUILT_PRODUCTS_DIR}/SVProgressHUD/SVProgressHUD.framework",
				"${BUILT_PRODUCTS_DIR}/SwiftDate/SwiftDate.framework",
				"${BUILT_PRODUCTS_DIR}/SwifterSwift/SwifterSwift.framework",
				"${BUILT_PRODUCTS_DIR}/SwiftyJSON/SwiftyJSON.framework",
			);
			name = "[CP] Embed Pods Frameworks";
			outputFileListPaths = (
			);
			outputPaths = (
				"${TARGET_BUILD_DIR}/${FRAMEWORKS_FOLDER_PATH}/Alamofire.framework",
				"${TARGET_BUILD_DIR}/${FRAMEWORKS_FOLDER_PATH}/JTAppleCalendar.framework",
				"${TARGET_BUILD_DIR}/${FRAMEWORKS_FOLDER_PATH}/Kingfisher.framework",
				"${TARGET_BUILD_DIR}/${FRAMEWORKS_FOLDER_PATH}/Realm.framework",
				"${TARGET_BUILD_DIR}/${FRAMEWORKS_FOLDER_PATH}/RealmSwift.framework",
				"${TARGET_BUILD_DIR}/${FRAMEWORKS_FOLDER_PATH}/SVProgressHUD.framework",
				"${TARGET_BUILD_DIR}/${FRAMEWORKS_FOLDER_PATH}/SwiftDate.framework",
				"${TARGET_BUILD_DIR}/${FRAMEWORKS_FOLDER_PATH}/SwifterSwift.framework",
				"${TARGET_BUILD_DIR}/${FRAMEWORKS_FOLDER_PATH}/SwiftyJSON.framework",
			);
			runOnlyForDeploymentPostprocessing = 0;
			shellPath = /bin/sh;
			shellScript = "\"${SRCROOT}/Pods/Target Support Files/Pods-Hockey Info/Pods-Hockey Info-frameworks.sh\"\n";
			showEnvVarsInLog = 0;
		};
		D07ADEBB859BA38168C09C0A /* [CP] Check Pods Manifest.lock */ = {
			isa = PBXShellScriptBuildPhase;
			buildActionMask = 2147483647;
			files = (
			);
			inputFileListPaths = (
			);
			inputPaths = (
				"${PODS_PODFILE_DIR_PATH}/Podfile.lock",
				"${PODS_ROOT}/Manifest.lock",
			);
			name = "[CP] Check Pods Manifest.lock";
			outputFileListPaths = (
			);
			outputPaths = (
				"$(DERIVED_FILE_DIR)/Pods-Hockey Info-checkManifestLockResult.txt",
			);
			runOnlyForDeploymentPostprocessing = 0;
			shellPath = /bin/sh;
			shellScript = "diff \"${PODS_PODFILE_DIR_PATH}/Podfile.lock\" \"${PODS_ROOT}/Manifest.lock\" > /dev/null\nif [ $? != 0 ] ; then\n    # print error to STDERR\n    echo \"error: The sandbox is not in sync with the Podfile.lock. Run 'pod install' or update your CocoaPods installation.\" >&2\n    exit 1\nfi\n# This output is used by Xcode 'outputs' to avoid re-running this script phase.\necho \"SUCCESS\" > \"${SCRIPT_OUTPUT_FILE_0}\"\n";
			showEnvVarsInLog = 0;
		};
/* End PBXShellScriptBuildPhase section */

/* Begin PBXSourcesBuildPhase section */
		76D60B52219D060F0058EEB0 /* Sources */ = {
			isa = PBXSourcesBuildPhase;
			buildActionMask = 2147483647;
			files = (
				76F118C121A4C4C1009E5F67 /* Team.swift in Sources */,
				76F0AD1321A2311D00249F28 /* TeamInfo.swift in Sources */,
				76D60B5C219D060F0058EEB0 /* ViewController.swift in Sources */,
				76F0AD0D21A2305800249F28 /* Game.swift in Sources */,
				76F0AD1121A230C900249F28 /* Period.swift in Sources */,
				76B478BA21AF693F00337D98 /* PeriodEnum.swift in Sources */,
				76F118C321A4C719009E5F67 /* Player.swift in Sources */,
				76F0AD0F21A2309F00249F28 /* PeriodSummary.swift in Sources */,
				769F46E7219E543000E89895 /* ScoreCell.swift in Sources */,
				7600572121A8F23500D293EE /* URLListing.swift in Sources */,
				76F0AD1621A249D200249F28 /* TeamManager.swift in Sources */,
				76F118C621A4D537009E5F67 /* NetworkManager.swift in Sources */,
				76D60B5A219D060F0058EEB0 /* AppDelegate.swift in Sources */,
				76F0AD0B21A2300F00249F28 /* Scoreboard.swift in Sources */,
				76F0AD0921A22E2A00249F28 /* GameScore.swift in Sources */,
			);
			runOnlyForDeploymentPostprocessing = 0;
		};
/* End PBXSourcesBuildPhase section */

/* Begin PBXVariantGroup section */
		76D60B5D219D060F0058EEB0 /* Main.storyboard */ = {
			isa = PBXVariantGroup;
			children = (
				76D60B5E219D060F0058EEB0 /* Base */,
			);
			name = Main.storyboard;
			sourceTree = "<group>";
		};
		76D60B62219D06110058EEB0 /* LaunchScreen.storyboard */ = {
			isa = PBXVariantGroup;
			children = (
				76D60B63219D06110058EEB0 /* Base */,
			);
			name = LaunchScreen.storyboard;
			sourceTree = "<group>";
		};
/* End PBXVariantGroup section */

/* Begin XCBuildConfiguration section */
		76D60B66219D06110058EEB0 /* Debug */ = {
			isa = XCBuildConfiguration;
			buildSettings = {
				ALWAYS_SEARCH_USER_PATHS = NO;
				CLANG_ANALYZER_NONNULL = YES;
				CLANG_ANALYZER_NUMBER_OBJECT_CONVERSION = YES_AGGRESSIVE;
				CLANG_CXX_LANGUAGE_STANDARD = "gnu++14";
				CLANG_CXX_LIBRARY = "libc++";
				CLANG_ENABLE_MODULES = YES;
				CLANG_ENABLE_OBJC_ARC = YES;
				CLANG_ENABLE_OBJC_WEAK = YES;
				CLANG_WARN_BLOCK_CAPTURE_AUTORELEASING = YES;
				CLANG_WARN_BOOL_CONVERSION = YES;
				CLANG_WARN_COMMA = YES;
				CLANG_WARN_CONSTANT_CONVERSION = YES;
				CLANG_WARN_DEPRECATED_OBJC_IMPLEMENTATIONS = YES;
				CLANG_WARN_DIRECT_OBJC_ISA_USAGE = YES_ERROR;
				CLANG_WARN_DOCUMENTATION_COMMENTS = YES;
				CLANG_WARN_EMPTY_BODY = YES;
				CLANG_WARN_ENUM_CONVERSION = YES;
				CLANG_WARN_INFINITE_RECURSION = YES;
				CLANG_WARN_INT_CONVERSION = YES;
				CLANG_WARN_NON_LITERAL_NULL_CONVERSION = YES;
				CLANG_WARN_OBJC_IMPLICIT_RETAIN_SELF = YES;
				CLANG_WARN_OBJC_LITERAL_CONVERSION = YES;
				CLANG_WARN_OBJC_ROOT_CLASS = YES_ERROR;
				CLANG_WARN_RANGE_LOOP_ANALYSIS = YES;
				CLANG_WARN_STRICT_PROTOTYPES = YES;
				CLANG_WARN_SUSPICIOUS_MOVE = YES;
				CLANG_WARN_UNGUARDED_AVAILABILITY = YES_AGGRESSIVE;
				CLANG_WARN_UNREACHABLE_CODE = YES;
				CLANG_WARN__DUPLICATE_METHOD_MATCH = YES;
				CODE_SIGN_IDENTITY = "iPhone Developer";
				COPY_PHASE_STRIP = NO;
				DEBUG_INFORMATION_FORMAT = dwarf;
				ENABLE_STRICT_OBJC_MSGSEND = YES;
				ENABLE_TESTABILITY = YES;
				GCC_C_LANGUAGE_STANDARD = gnu11;
				GCC_DYNAMIC_NO_PIC = NO;
				GCC_NO_COMMON_BLOCKS = YES;
				GCC_OPTIMIZATION_LEVEL = 0;
				GCC_PREPROCESSOR_DEFINITIONS = (
					"DEBUG=1",
					"$(inherited)",
				);
				GCC_WARN_64_TO_32_BIT_CONVERSION = YES;
				GCC_WARN_ABOUT_RETURN_TYPE = YES_ERROR;
				GCC_WARN_UNDECLARED_SELECTOR = YES;
				GCC_WARN_UNINITIALIZED_AUTOS = YES_AGGRESSIVE;
				GCC_WARN_UNUSED_FUNCTION = YES;
				GCC_WARN_UNUSED_VARIABLE = YES;
				IPHONEOS_DEPLOYMENT_TARGET = 12.1;
				MTL_ENABLE_DEBUG_INFO = INCLUDE_SOURCE;
				MTL_FAST_MATH = YES;
				ONLY_ACTIVE_ARCH = YES;
				SDKROOT = iphoneos;
				SWIFT_ACTIVE_COMPILATION_CONDITIONS = DEBUG;
				SWIFT_OPTIMIZATION_LEVEL = "-Onone";
			};
			name = Debug;
		};
		76D60B67219D06110058EEB0 /* Release */ = {
			isa = XCBuildConfiguration;
			buildSettings = {
				ALWAYS_SEARCH_USER_PATHS = NO;
				CLANG_ANALYZER_NONNULL = YES;
				CLANG_ANALYZER_NUMBER_OBJECT_CONVERSION = YES_AGGRESSIVE;
				CLANG_CXX_LANGUAGE_STANDARD = "gnu++14";
				CLANG_CXX_LIBRARY = "libc++";
				CLANG_ENABLE_MODULES = YES;
				CLANG_ENABLE_OBJC_ARC = YES;
				CLANG_ENABLE_OBJC_WEAK = YES;
				CLANG_WARN_BLOCK_CAPTURE_AUTORELEASING = YES;
				CLANG_WARN_BOOL_CONVERSION = YES;
				CLANG_WARN_COMMA = YES;
				CLANG_WARN_CONSTANT_CONVERSION = YES;
				CLANG_WARN_DEPRECATED_OBJC_IMPLEMENTATIONS = YES;
				CLANG_WARN_DIRECT_OBJC_ISA_USAGE = YES_ERROR;
				CLANG_WARN_DOCUMENTATION_COMMENTS = YES;
				CLANG_WARN_EMPTY_BODY = YES;
				CLANG_WARN_ENUM_CONVERSION = YES;
				CLANG_WARN_INFINITE_RECURSION = YES;
				CLANG_WARN_INT_CONVERSION = YES;
				CLANG_WARN_NON_LITERAL_NULL_CONVERSION = YES;
				CLANG_WARN_OBJC_IMPLICIT_RETAIN_SELF = YES;
				CLANG_WARN_OBJC_LITERAL_CONVERSION = YES;
				CLANG_WARN_OBJC_ROOT_CLASS = YES_ERROR;
				CLANG_WARN_RANGE_LOOP_ANALYSIS = YES;
				CLANG_WARN_STRICT_PROTOTYPES = YES;
				CLANG_WARN_SUSPICIOUS_MOVE = YES;
				CLANG_WARN_UNGUARDED_AVAILABILITY = YES_AGGRESSIVE;
				CLANG_WARN_UNREACHABLE_CODE = YES;
				CLANG_WARN__DUPLICATE_METHOD_MATCH = YES;
				CODE_SIGN_IDENTITY = "iPhone Developer";
				COPY_PHASE_STRIP = NO;
				DEBUG_INFORMATION_FORMAT = "dwarf-with-dsym";
				ENABLE_NS_ASSERTIONS = NO;
				ENABLE_STRICT_OBJC_MSGSEND = YES;
				GCC_C_LANGUAGE_STANDARD = gnu11;
				GCC_NO_COMMON_BLOCKS = YES;
				GCC_WARN_64_TO_32_BIT_CONVERSION = YES;
				GCC_WARN_ABOUT_RETURN_TYPE = YES_ERROR;
				GCC_WARN_UNDECLARED_SELECTOR = YES;
				GCC_WARN_UNINITIALIZED_AUTOS = YES_AGGRESSIVE;
				GCC_WARN_UNUSED_FUNCTION = YES;
				GCC_WARN_UNUSED_VARIABLE = YES;
				IPHONEOS_DEPLOYMENT_TARGET = 12.1;
				MTL_ENABLE_DEBUG_INFO = NO;
				MTL_FAST_MATH = YES;
				SDKROOT = iphoneos;
				SWIFT_COMPILATION_MODE = wholemodule;
				SWIFT_OPTIMIZATION_LEVEL = "-O";
				VALIDATE_PRODUCT = YES;
			};
			name = Release;
		};
		76D60B69219D06110058EEB0 /* Debug */ = {
			isa = XCBuildConfiguration;
			baseConfigurationReference = 96E07D2F0940FA8A3635712C /* Pods-Hockey Info.debug.xcconfig */;
			buildSettings = {
				ASSETCATALOG_COMPILER_APPICON_NAME = AppIcon;
				CODE_SIGN_STYLE = Automatic;
				DEVELOPMENT_TEAM = C37927XKUL;
				INFOPLIST_FILE = "Hockey Info/Info.plist";
				LD_RUNPATH_SEARCH_PATHS = (
					"$(inherited)",
					"@executable_path/Frameworks",
				);
				PRODUCT_BUNDLE_IDENTIFIER = "com.larry.burris.Hockey-Info";
				PRODUCT_NAME = "$(TARGET_NAME)";
				SWIFT_VERSION = 4.2;
				TARGETED_DEVICE_FAMILY = "1,2";
			};
			name = Debug;
		};
		76D60B6A219D06110058EEB0 /* Release */ = {
			isa = XCBuildConfiguration;
			baseConfigurationReference = E3619F0A6A1F92A56F6525C4 /* Pods-Hockey Info.release.xcconfig */;
			buildSettings = {
				ASSETCATALOG_COMPILER_APPICON_NAME = AppIcon;
				CODE_SIGN_STYLE = Automatic;
				DEVELOPMENT_TEAM = C37927XKUL;
				INFOPLIST_FILE = "Hockey Info/Info.plist";
				LD_RUNPATH_SEARCH_PATHS = (
					"$(inherited)",
					"@executable_path/Frameworks",
				);
				PRODUCT_BUNDLE_IDENTIFIER = "com.larry.burris.Hockey-Info";
				PRODUCT_NAME = "$(TARGET_NAME)";
				SWIFT_VERSION = 4.2;
				TARGETED_DEVICE_FAMILY = "1,2";
			};
			name = Release;
		};
/* End XCBuildConfiguration section */

/* Begin XCConfigurationList section */
		76D60B51219D060F0058EEB0 /* Build configuration list for PBXProject "Hockey Info" */ = {
			isa = XCConfigurationList;
			buildConfigurations = (
				76D60B66219D06110058EEB0 /* Debug */,
				76D60B67219D06110058EEB0 /* Release */,
			);
			defaultConfigurationIsVisible = 0;
			defaultConfigurationName = Release;
		};
		76D60B68219D06110058EEB0 /* Build configuration list for PBXNativeTarget "Hockey Info" */ = {
			isa = XCConfigurationList;
			buildConfigurations = (
				76D60B69219D06110058EEB0 /* Debug */,
				76D60B6A219D06110058EEB0 /* Release */,
			);
			defaultConfigurationIsVisible = 0;
			defaultConfigurationName = Release;
		};
/* End XCConfigurationList section */
	};
	rootObject = 76D60B4E219D060F0058EEB0 /* Project object */;
}
