// !$*UTF8*$!
{
	archiveVersion = 1;
	classes = {
	};
	objectVersion = 51;
	objects = {

/* Begin PBXBuildFile section */
		76045B4321B0AFDE00980C63 /* NHLSchedule.swift in Sources */ = {isa = PBXBuildFile; fileRef = 76045B4221B0AFDE00980C63 /* NHLSchedule.swift */; };
		76045B4521B0B1E000980C63 /* PlayedStatusEnum.swift in Sources */ = {isa = PBXBuildFile; fileRef = 76045B4421B0B1E000980C63 /* PlayedStatusEnum.swift */; };
		76045B4821B3255300980C63 /* SeasonSchedule.swift in Sources */ = {isa = PBXBuildFile; fileRef = 76045B4721B3255300980C63 /* SeasonSchedule.swift */; };
		76045B4A21B3297200980C63 /* ScheduledGame.swift in Sources */ = {isa = PBXBuildFile; fileRef = 76045B4921B3297200980C63 /* ScheduledGame.swift */; };
		76045B4C21B3321B00980C63 /* ScoreInfo.swift in Sources */ = {isa = PBXBuildFile; fileRef = 76045B4B21B3321B00980C63 /* ScoreInfo.swift */; };
		76045B4E21B3331400980C63 /* PeriodInfo.swift in Sources */ = {isa = PBXBuildFile; fileRef = 76045B4D21B3331400980C63 /* PeriodInfo.swift */; };
		76045B5021B333F300980C63 /* ScheduleInfo.swift in Sources */ = {isa = PBXBuildFile; fileRef = 76045B4F21B333F300980C63 /* ScheduleInfo.swift */; };
		76045B5221B3362F00980C63 /* TeamData.swift in Sources */ = {isa = PBXBuildFile; fileRef = 76045B5121B3362F00980C63 /* TeamData.swift */; };
		76045B5421B3369100980C63 /* VenueData.swift in Sources */ = {isa = PBXBuildFile; fileRef = 76045B5321B3369100980C63 /* VenueData.swift */; };
		76045B5721B343EB00980C63 /* RosterPlayers.swift in Sources */ = {isa = PBXBuildFile; fileRef = 76045B5621B343EB00980C63 /* RosterPlayers.swift */; };
		76045B5921B3448100980C63 /* PlayerInfo.swift in Sources */ = {isa = PBXBuildFile; fileRef = 76045B5821B3448100980C63 /* PlayerInfo.swift */; };
		76045B5B21B3461800980C63 /* CurrentTeamData.swift in Sources */ = {isa = PBXBuildFile; fileRef = 76045B5A21B3461800980C63 /* CurrentTeamData.swift */; };
		76045B5D21B347A200980C63 /* PlayerData.swift in Sources */ = {isa = PBXBuildFile; fileRef = 76045B5C21B347A200980C63 /* PlayerData.swift */; };
		76045B5F21B34C6900980C63 /* CurrentInjuryData.swift in Sources */ = {isa = PBXBuildFile; fileRef = 76045B5E21B34C6900980C63 /* CurrentInjuryData.swift */; };
		76045B6121B34C9C00980C63 /* HandednessData.swift in Sources */ = {isa = PBXBuildFile; fileRef = 76045B6021B34C9C00980C63 /* HandednessData.swift */; };
		76045B6321B3609100980C63 /* NHLStandings.swift in Sources */ = {isa = PBXBuildFile; fileRef = 76045B6221B3609100980C63 /* NHLStandings.swift */; };
		76045B6621B3626600980C63 /* StandingsReferenceData.swift in Sources */ = {isa = PBXBuildFile; fileRef = 76045B6521B3626600980C63 /* StandingsReferenceData.swift */; };
		76045B6821B3642E00980C63 /* StandingsCategory.swift in Sources */ = {isa = PBXBuildFile; fileRef = 76045B6721B3642E00980C63 /* StandingsCategory.swift */; };
		76045B6A21B3673500980C63 /* TeamStandingsData.swift in Sources */ = {isa = PBXBuildFile; fileRef = 76045B6921B3673500980C63 /* TeamStandingsData.swift */; };
		76045B6C21B36AF300980C63 /* TeamInformation.swift in Sources */ = {isa = PBXBuildFile; fileRef = 76045B6B21B36AF300980C63 /* TeamInformation.swift */; };
		76045B6E21B36B1E00980C63 /* TeamStats.swift in Sources */ = {isa = PBXBuildFile; fileRef = 76045B6D21B36B1E00980C63 /* TeamStats.swift */; };
		76045B7021B36B6200980C63 /* OverallRankData.swift in Sources */ = {isa = PBXBuildFile; fileRef = 76045B6F21B36B6200980C63 /* OverallRankData.swift */; };
		76045B7221B36B9100980C63 /* ConferenceRankData.swift in Sources */ = {isa = PBXBuildFile; fileRef = 76045B7121B36B9100980C63 /* ConferenceRankData.swift */; };
		76045B7421B36BB900980C63 /* DivisionRankData.swift in Sources */ = {isa = PBXBuildFile; fileRef = 76045B7321B36BB900980C63 /* DivisionRankData.swift */; };
		76045B7621B36BE100980C63 /* PlayoffRankData.swift in Sources */ = {isa = PBXBuildFile; fileRef = 76045B7521B36BE100980C63 /* PlayoffRankData.swift */; };
		76045B7821B36FC300980C63 /* StandingsData.swift in Sources */ = {isa = PBXBuildFile; fileRef = 76045B7721B36FC300980C63 /* StandingsData.swift */; };
		76045B7A21B36FF200980C63 /* FaceoffData.swift in Sources */ = {isa = PBXBuildFile; fileRef = 76045B7921B36FF200980C63 /* FaceoffData.swift */; };
		76045B7C21B3701800980C63 /* PowerplayData.swift in Sources */ = {isa = PBXBuildFile; fileRef = 76045B7B21B3701800980C63 /* PowerplayData.swift */; };
		76045B7E21B3704A00980C63 /* MiscellaneousData.swift in Sources */ = {isa = PBXBuildFile; fileRef = 76045B7D21B3704A00980C63 /* MiscellaneousData.swift */; };
		76045B8021B4A23700980C63 /* MainMenuViewController.swift in Sources */ = {isa = PBXBuildFile; fileRef = 76045B7F21B4A23700980C63 /* MainMenuViewController.swift */; };
		760D136E21D708DB00AD40A4 /* GameLog.swift in Sources */ = {isa = PBXBuildFile; fileRef = 760D136D21D708DB00AD40A4 /* GameLog.swift */; };
		760D137021D7097300AD40A4 /* GameLogData.swift in Sources */ = {isa = PBXBuildFile; fileRef = 760D136F21D7097300AD40A4 /* GameLogData.swift */; };
		760D137221D70B0500AD40A4 /* GameData.swift in Sources */ = {isa = PBXBuildFile; fileRef = 760D137121D70B0500AD40A4 /* GameData.swift */; };
		760D137421D70C1900AD40A4 /* StatsData.swift in Sources */ = {isa = PBXBuildFile; fileRef = 760D137321D70C1900AD40A4 /* StatsData.swift */; };
		760D137621D70EF700AD40A4 /* GameLogReferences.swift in Sources */ = {isa = PBXBuildFile; fileRef = 760D137521D70EF700AD40A4 /* GameLogReferences.swift */; };
		760D137821D70F9000AD40A4 /* GameReference.swift in Sources */ = {isa = PBXBuildFile; fileRef = 760D137721D70F9000AD40A4 /* GameReference.swift */; };
		760D137A21D718A600AD40A4 /* NHLGameLog.swift in Sources */ = {isa = PBXBuildFile; fileRef = 760D137921D718A600AD40A4 /* NHLGameLog.swift */; };
		760D137C21D72DF400AD40A4 /* GoaltendingData.swift in Sources */ = {isa = PBXBuildFile; fileRef = 760D137B21D72DF400AD40A4 /* GoaltendingData.swift */; };
		760D137E21DA912E00AD40A4 /* PlayingProbabilityEnum.swift in Sources */ = {isa = PBXBuildFile; fileRef = 760D137D21DA912E00AD40A4 /* PlayingProbabilityEnum.swift */; };
		760D138321DA961A00AD40A4 /* NHLPlayerInjury.swift in Sources */ = {isa = PBXBuildFile; fileRef = 760D138221DA961A00AD40A4 /* NHLPlayerInjury.swift */; };
		760D138521DAAF9B00AD40A4 /* PlayerInjuries.swift in Sources */ = {isa = PBXBuildFile; fileRef = 760D138421DAAF9B00AD40A4 /* PlayerInjuries.swift */; };
		760D138721DAB01900AD40A4 /* PlayerInjuryInfo.swift in Sources */ = {isa = PBXBuildFile; fileRef = 760D138621DAB01900AD40A4 /* PlayerInjuryInfo.swift */; };
		760D138921DD698300AD40A4 /* DisplayGameLogViewController.swift in Sources */ = {isa = PBXBuildFile; fileRef = 760D138821DD698300AD40A4 /* DisplayGameLogViewController.swift */; };
		7612AB6C21E2DE3C00661CE4 /* DisplayPlayerStatisticsViewController.swift in Sources */ = {isa = PBXBuildFile; fileRef = 7612AB6B21E2DE3C00661CE4 /* DisplayPlayerStatisticsViewController.swift */; };
		7640585921C2F76A00695D68 /* DivisionStandingsViewController.swift in Sources */ = {isa = PBXBuildFile; fileRef = 7640585821C2F76A00695D68 /* DivisionStandingsViewController.swift */; };
		7640585B21C2F8A300695D68 /* ConferenceStandingsViewController.swift in Sources */ = {isa = PBXBuildFile; fileRef = 7640585A21C2F8A300695D68 /* ConferenceStandingsViewController.swift */; };
		7640585D21C2F91900695D68 /* LeagueStandingsViewController.swift in Sources */ = {isa = PBXBuildFile; fileRef = 7640585C21C2F91800695D68 /* LeagueStandingsViewController.swift */; };
		7640586821C4D5CB00695D68 /* ConferenceEnum.swift in Sources */ = {isa = PBXBuildFile; fileRef = 7640586721C4D5CB00695D68 /* ConferenceEnum.swift */; };
		7640587121C8623D00695D68 /* TeamStatistics.swift in Sources */ = {isa = PBXBuildFile; fileRef = 7640587021C8623D00695D68 /* TeamStatistics.swift */; };
		76590DD421BAFE7B0080E0CD /* TeamStandings.swift in Sources */ = {isa = PBXBuildFile; fileRef = 76590DD321BAFE7B0080E0CD /* TeamStandings.swift */; };
		76590DD721BB02870080E0CD /* TimeAndDateUtils.swift in Sources */ = {isa = PBXBuildFile; fileRef = 76590DD621BB02870080E0CD /* TimeAndDateUtils.swift */; };
		76590DDC21BB04AE0080E0CD /* Extensions.swift in Sources */ = {isa = PBXBuildFile; fileRef = 76590DDB21BB04AE0080E0CD /* Extensions.swift */; };
		76590DDE21BB0DDC0080E0CD /* DatabaseManager.swift in Sources */ = {isa = PBXBuildFile; fileRef = 76590DDD21BB0DDC0080E0CD /* DatabaseManager.swift */; };
		76590DE121BDBE150080E0CD /* CellView.swift in Sources */ = {isa = PBXBuildFile; fileRef = 76590DE021BDBE150080E0CD /* CellView.swift */; };
		76590DE321BDBE650080E0CD /* CellView.xib in Resources */ = {isa = PBXBuildFile; fileRef = 76590DE221BDBE650080E0CD /* CellView.xib */; };
		76590DE821BDC09B0080E0CD /* ScheduleTableViewCell.xib in Resources */ = {isa = PBXBuildFile; fileRef = 76590DE521BDC09B0080E0CD /* ScheduleTableViewCell.xib */; };
		76590DE921BDC09B0080E0CD /* Schedule.swift in Sources */ = {isa = PBXBuildFile; fileRef = 76590DE621BDC09B0080E0CD /* Schedule.swift */; };
		76590DEA21BDC09B0080E0CD /* ScheduleTableViewCell.swift in Sources */ = {isa = PBXBuildFile; fileRef = 76590DE721BDC09B0080E0CD /* ScheduleTableViewCell.swift */; };
		76590DEC21BDCAA70080E0CD /* DisplayCalendarViewController.swift in Sources */ = {isa = PBXBuildFile; fileRef = 76590DEB21BDCAA70080E0CD /* DisplayCalendarViewController.swift */; };
		76590DEE21C050EB0080E0CD /* MainMenuCategory.swift in Sources */ = {isa = PBXBuildFile; fileRef = 76590DED21C050EA0080E0CD /* MainMenuCategory.swift */; };
		76590DF121C0540D0080E0CD /* MenuCategory.swift in Sources */ = {isa = PBXBuildFile; fileRef = 76590DF021C0540D0080E0CD /* MenuCategory.swift */; };
		76590DF321C07DF50080E0CD /* DisplayStandingsTabViewController.swift in Sources */ = {isa = PBXBuildFile; fileRef = 76590DF221C07DF50080E0CD /* DisplayStandingsTabViewController.swift */; };
		76590DF721C07F740080E0CD /* DisplayTeamStatsViewController.swift in Sources */ = {isa = PBXBuildFile; fileRef = 76590DF621C07F740080E0CD /* DisplayTeamStatsViewController.swift */; };
		766759D921C1C7FE00AFD881 /* DivisionEnum.swift in Sources */ = {isa = PBXBuildFile; fileRef = 766759D821C1C7FE00AFD881 /* DivisionEnum.swift */; };
		766759DB21C1ED7100AFD881 /* PositionEnum.swift in Sources */ = {isa = PBXBuildFile; fileRef = 766759DA21C1ED7100AFD881 /* PositionEnum.swift */; };
		766759DD21C1F9CA00AFD881 /* DisplayPlayerViewController.swift in Sources */ = {isa = PBXBuildFile; fileRef = 766759DC21C1F9CA00AFD881 /* DisplayPlayerViewController.swift */; };
		7671F19221C0A44300A65E27 /* DisplayTeamsViewController.swift in Sources */ = {isa = PBXBuildFile; fileRef = 7671F19121C0A44300A65E27 /* DisplayTeamsViewController.swift */; };
		7671F19421C0C0BA00A65E27 /* ConversionUtils.swift in Sources */ = {isa = PBXBuildFile; fileRef = 7671F19321C0C0BA00A65E27 /* ConversionUtils.swift */; };
		7671F19621C0C76000A65E27 /* DisplayRosterViewController.swift in Sources */ = {isa = PBXBuildFile; fileRef = 7671F19521C0C76000A65E27 /* DisplayRosterViewController.swift */; };
		7673FB3021AE3486001FF044 /* Assets.xcassets in Resources */ = {isa = PBXBuildFile; fileRef = 76D60B60219D06110058EEB0 /* Assets.xcassets */; };
		7686944C21E98FEE007F3D02 /* CompletedGamesViewController.swift in Sources */ = {isa = PBXBuildFile; fileRef = 7686944B21E98FEE007F3D02 /* CompletedGamesViewController.swift */; };
		7686944E21E990ED007F3D02 /* DisplayTeamScheduleTabViewController.swift in Sources */ = {isa = PBXBuildFile; fileRef = 7686944D21E990ED007F3D02 /* DisplayTeamScheduleTabViewController.swift */; };
		7686945021E9915F007F3D02 /* GamesRemainingViewController.swift in Sources */ = {isa = PBXBuildFile; fileRef = 7686944F21E9915F007F3D02 /* GamesRemainingViewController.swift */; };
		7686945221EC19E4007F3D02 /* DisplayPlayerInjuryViewController.swift in Sources */ = {isa = PBXBuildFile; fileRef = 7686945121EC19E4007F3D02 /* DisplayPlayerInjuryViewController.swift */; };
		7686945421EFCB9A007F3D02 /* DisplayTeamInfoTabBarViewController.swift in Sources */ = {isa = PBXBuildFile; fileRef = 7686945321EFCB9A007F3D02 /* DisplayTeamInfoTabBarViewController.swift */; };
		769F46E7219E543000E89895 /* ScoreCell.swift in Sources */ = {isa = PBXBuildFile; fileRef = 769F46E5219E543000E89895 /* ScoreCell.swift */; };
		769F46E8219E543000E89895 /* ScoreCell.xib in Resources */ = {isa = PBXBuildFile; fileRef = 769F46E6219E543000E89895 /* ScoreCell.xib */; };
		76B478BA21AF693F00337D98 /* PeriodEnum.swift in Sources */ = {isa = PBXBuildFile; fileRef = 76B478B921AF693F00337D98 /* PeriodEnum.swift */; };
		76BDDDA221D412E500614AFA /* HockeyInfoTests.swift in Sources */ = {isa = PBXBuildFile; fileRef = 76BDDDA121D412E500614AFA /* HockeyInfoTests.swift */; };
		76BDDDAA21D443B700614AFA /* PlayerStatistics.swift in Sources */ = {isa = PBXBuildFile; fileRef = 76BDDDA921D443B700614AFA /* PlayerStatistics.swift */; };
		76BDDDAC21D449AD00614AFA /* PenaltyData.swift in Sources */ = {isa = PBXBuildFile; fileRef = 76BDDDAB21D449AD00614AFA /* PenaltyData.swift */; };
		76BDDDAE21D44B5C00614AFA /* SkatingData.swift in Sources */ = {isa = PBXBuildFile; fileRef = 76BDDDAD21D44B5C00614AFA /* SkatingData.swift */; };
		76BDDDB021D44C8A00614AFA /* ScoringData.swift in Sources */ = {isa = PBXBuildFile; fileRef = 76BDDDAF21D44C8A00614AFA /* ScoringData.swift */; };
		76BDDDB221D44E0B00614AFA /* PlayerStats.swift in Sources */ = {isa = PBXBuildFile; fileRef = 76BDDDB121D44E0B00614AFA /* PlayerStats.swift */; };
		76BDDDB421D44EBA00614AFA /* PlayerStatsTotal.swift in Sources */ = {isa = PBXBuildFile; fileRef = 76BDDDB321D44EBA00614AFA /* PlayerStatsTotal.swift */; };
		76BDDDB621D44FF600614AFA /* PlayerStatData.swift in Sources */ = {isa = PBXBuildFile; fileRef = 76BDDDB521D44FF600614AFA /* PlayerStatData.swift */; };
		76BDDDB821D5758200614AFA /* PlayerStatId.swift in Sources */ = {isa = PBXBuildFile; fileRef = 76BDDDB721D5758200614AFA /* PlayerStatId.swift */; };
		76BDDDBD21D59C1000614AFA /* CompletedScheduleViewCell.swift in Sources */ = {isa = PBXBuildFile; fileRef = 76BDDDBB21D59C1000614AFA /* CompletedScheduleViewCell.swift */; };
		76BDDDBE21D59C1000614AFA /* CompletedScheduleViewCell.xib in Resources */ = {isa = PBXBuildFile; fileRef = 76BDDDBC21D59C1000614AFA /* CompletedScheduleViewCell.xib */; };
		76BDDDC121D59C7F00614AFA /* FutureScheduleViewCell.swift in Sources */ = {isa = PBXBuildFile; fileRef = 76BDDDBF21D59C7F00614AFA /* FutureScheduleViewCell.swift */; };
		76BDDDC221D59C7F00614AFA /* FutureScheduleViewCell.xib in Resources */ = {isa = PBXBuildFile; fileRef = 76BDDDC021D59C7F00614AFA /* FutureScheduleViewCell.xib */; };
		76BDDDC421D5A8C600614AFA /* DisplayTeamScheduleViewController.swift in Sources */ = {isa = PBXBuildFile; fileRef = 76BDDDC321D5A8C600614AFA /* DisplayTeamScheduleViewController.swift */; };
		76D60B5A219D060F0058EEB0 /* AppDelegate.swift in Sources */ = {isa = PBXBuildFile; fileRef = 76D60B59219D060F0058EEB0 /* AppDelegate.swift */; };
		76D60B5C219D060F0058EEB0 /* DisplayScoresViewController.swift in Sources */ = {isa = PBXBuildFile; fileRef = 76D60B5B219D060F0058EEB0 /* DisplayScoresViewController.swift */; };
		76D60B5F219D060F0058EEB0 /* Main.storyboard in Resources */ = {isa = PBXBuildFile; fileRef = 76D60B5D219D060F0058EEB0 /* Main.storyboard */; };
		76D60B64219D06110058EEB0 /* LaunchScreen.storyboard in Resources */ = {isa = PBXBuildFile; fileRef = 76D60B62219D06110058EEB0 /* LaunchScreen.storyboard */; };
		76F0AD1621A249D200249F28 /* TeamManager.swift in Sources */ = {isa = PBXBuildFile; fileRef = 76F0AD1521A249D200249F28 /* TeamManager.swift */; };
		76F118C121A4C4C1009E5F67 /* NHLTeam.swift in Sources */ = {isa = PBXBuildFile; fileRef = 76F118C021A4C4C1009E5F67 /* NHLTeam.swift */; };
		76F118C321A4C719009E5F67 /* NHLPlayer.swift in Sources */ = {isa = PBXBuildFile; fileRef = 76F118C221A4C719009E5F67 /* NHLPlayer.swift */; };
		76F118C621A4D537009E5F67 /* NetworkManager.swift in Sources */ = {isa = PBXBuildFile; fileRef = 76F118C521A4D537009E5F67 /* NetworkManager.swift */; };
		772B6025421B3DE3331C384B /* Pods_Hockey_Info.framework in Frameworks */ = {isa = PBXBuildFile; fileRef = 38DB8FFEEF99AE5B713D0CA3 /* Pods_Hockey_Info.framework */; };
/* End PBXBuildFile section */

/* Begin PBXContainerItemProxy section */
		76BDDDA421D412E500614AFA /* PBXContainerItemProxy */ = {
			isa = PBXContainerItemProxy;
			containerPortal = 76D60B4E219D060F0058EEB0 /* Project object */;
			proxyType = 1;
			remoteGlobalIDString = 76D60B55219D060F0058EEB0;
			remoteInfo = "Hockey Info";
		};
/* End PBXContainerItemProxy section */

/* Begin PBXFileReference section */
		38DB8FFEEF99AE5B713D0CA3 /* Pods_Hockey_Info.framework */ = {isa = PBXFileReference; explicitFileType = wrapper.framework; includeInIndex = 0; path = Pods_Hockey_Info.framework; sourceTree = BUILT_PRODUCTS_DIR; };
		76045B4221B0AFDE00980C63 /* NHLSchedule.swift */ = {isa = PBXFileReference; lastKnownFileType = sourcecode.swift; path = NHLSchedule.swift; sourceTree = "<group>"; };
		76045B4421B0B1E000980C63 /* PlayedStatusEnum.swift */ = {isa = PBXFileReference; lastKnownFileType = sourcecode.swift; path = PlayedStatusEnum.swift; sourceTree = "<group>"; };
		76045B4721B3255300980C63 /* SeasonSchedule.swift */ = {isa = PBXFileReference; lastKnownFileType = sourcecode.swift; path = SeasonSchedule.swift; sourceTree = "<group>"; };
		76045B4921B3297200980C63 /* ScheduledGame.swift */ = {isa = PBXFileReference; lastKnownFileType = sourcecode.swift; path = ScheduledGame.swift; sourceTree = "<group>"; };
		76045B4B21B3321B00980C63 /* ScoreInfo.swift */ = {isa = PBXFileReference; lastKnownFileType = sourcecode.swift; path = ScoreInfo.swift; sourceTree = "<group>"; };
		76045B4D21B3331400980C63 /* PeriodInfo.swift */ = {isa = PBXFileReference; lastKnownFileType = sourcecode.swift; path = PeriodInfo.swift; sourceTree = "<group>"; };
		76045B4F21B333F300980C63 /* ScheduleInfo.swift */ = {isa = PBXFileReference; lastKnownFileType = sourcecode.swift; path = ScheduleInfo.swift; sourceTree = "<group>"; };
		76045B5121B3362F00980C63 /* TeamData.swift */ = {isa = PBXFileReference; lastKnownFileType = sourcecode.swift; path = TeamData.swift; sourceTree = "<group>"; };
		76045B5321B3369100980C63 /* VenueData.swift */ = {isa = PBXFileReference; lastKnownFileType = sourcecode.swift; path = VenueData.swift; sourceTree = "<group>"; };
		76045B5621B343EB00980C63 /* RosterPlayers.swift */ = {isa = PBXFileReference; lastKnownFileType = sourcecode.swift; path = RosterPlayers.swift; sourceTree = "<group>"; };
		76045B5821B3448100980C63 /* PlayerInfo.swift */ = {isa = PBXFileReference; lastKnownFileType = sourcecode.swift; path = PlayerInfo.swift; sourceTree = "<group>"; };
		76045B5A21B3461800980C63 /* CurrentTeamData.swift */ = {isa = PBXFileReference; lastKnownFileType = sourcecode.swift; path = CurrentTeamData.swift; sourceTree = "<group>"; };
		76045B5C21B347A200980C63 /* PlayerData.swift */ = {isa = PBXFileReference; lastKnownFileType = sourcecode.swift; path = PlayerData.swift; sourceTree = "<group>"; };
		76045B5E21B34C6900980C63 /* CurrentInjuryData.swift */ = {isa = PBXFileReference; lastKnownFileType = sourcecode.swift; path = CurrentInjuryData.swift; sourceTree = "<group>"; };
		76045B6021B34C9C00980C63 /* HandednessData.swift */ = {isa = PBXFileReference; lastKnownFileType = sourcecode.swift; path = HandednessData.swift; sourceTree = "<group>"; };
		76045B6221B3609100980C63 /* NHLStandings.swift */ = {isa = PBXFileReference; lastKnownFileType = sourcecode.swift; path = NHLStandings.swift; sourceTree = "<group>"; };
		76045B6521B3626600980C63 /* StandingsReferenceData.swift */ = {isa = PBXFileReference; lastKnownFileType = sourcecode.swift; path = StandingsReferenceData.swift; sourceTree = "<group>"; };
		76045B6721B3642E00980C63 /* StandingsCategory.swift */ = {isa = PBXFileReference; lastKnownFileType = sourcecode.swift; path = StandingsCategory.swift; sourceTree = "<group>"; };
		76045B6921B3673500980C63 /* TeamStandingsData.swift */ = {isa = PBXFileReference; lastKnownFileType = sourcecode.swift; path = TeamStandingsData.swift; sourceTree = "<group>"; };
		76045B6B21B36AF300980C63 /* TeamInformation.swift */ = {isa = PBXFileReference; lastKnownFileType = sourcecode.swift; path = TeamInformation.swift; sourceTree = "<group>"; };
		76045B6D21B36B1E00980C63 /* TeamStats.swift */ = {isa = PBXFileReference; lastKnownFileType = sourcecode.swift; path = TeamStats.swift; sourceTree = "<group>"; };
		76045B6F21B36B6200980C63 /* OverallRankData.swift */ = {isa = PBXFileReference; lastKnownFileType = sourcecode.swift; path = OverallRankData.swift; sourceTree = "<group>"; };
		76045B7121B36B9100980C63 /* ConferenceRankData.swift */ = {isa = PBXFileReference; lastKnownFileType = sourcecode.swift; path = ConferenceRankData.swift; sourceTree = "<group>"; };
		76045B7321B36BB900980C63 /* DivisionRankData.swift */ = {isa = PBXFileReference; lastKnownFileType = sourcecode.swift; path = DivisionRankData.swift; sourceTree = "<group>"; };
		76045B7521B36BE100980C63 /* PlayoffRankData.swift */ = {isa = PBXFileReference; lastKnownFileType = sourcecode.swift; path = PlayoffRankData.swift; sourceTree = "<group>"; };
		76045B7721B36FC300980C63 /* StandingsData.swift */ = {isa = PBXFileReference; lastKnownFileType = sourcecode.swift; path = StandingsData.swift; sourceTree = "<group>"; };
		76045B7921B36FF200980C63 /* FaceoffData.swift */ = {isa = PBXFileReference; lastKnownFileType = sourcecode.swift; path = FaceoffData.swift; sourceTree = "<group>"; };
		76045B7B21B3701800980C63 /* PowerplayData.swift */ = {isa = PBXFileReference; lastKnownFileType = sourcecode.swift; path = PowerplayData.swift; sourceTree = "<group>"; };
		76045B7D21B3704A00980C63 /* MiscellaneousData.swift */ = {isa = PBXFileReference; lastKnownFileType = sourcecode.swift; path = MiscellaneousData.swift; sourceTree = "<group>"; };
		76045B7F21B4A23700980C63 /* MainMenuViewController.swift */ = {isa = PBXFileReference; lastKnownFileType = sourcecode.swift; path = MainMenuViewController.swift; sourceTree = "<group>"; };
		760D136D21D708DB00AD40A4 /* GameLog.swift */ = {isa = PBXFileReference; lastKnownFileType = sourcecode.swift; path = GameLog.swift; sourceTree = "<group>"; };
		760D136F21D7097300AD40A4 /* GameLogData.swift */ = {isa = PBXFileReference; lastKnownFileType = sourcecode.swift; path = GameLogData.swift; sourceTree = "<group>"; };
		760D137121D70B0500AD40A4 /* GameData.swift */ = {isa = PBXFileReference; lastKnownFileType = sourcecode.swift; path = GameData.swift; sourceTree = "<group>"; };
		760D137321D70C1900AD40A4 /* StatsData.swift */ = {isa = PBXFileReference; lastKnownFileType = sourcecode.swift; path = StatsData.swift; sourceTree = "<group>"; };
		760D137521D70EF700AD40A4 /* GameLogReferences.swift */ = {isa = PBXFileReference; lastKnownFileType = sourcecode.swift; path = GameLogReferences.swift; sourceTree = "<group>"; };
		760D137721D70F9000AD40A4 /* GameReference.swift */ = {isa = PBXFileReference; lastKnownFileType = sourcecode.swift; path = GameReference.swift; sourceTree = "<group>"; };
		760D137921D718A600AD40A4 /* NHLGameLog.swift */ = {isa = PBXFileReference; lastKnownFileType = sourcecode.swift; path = NHLGameLog.swift; sourceTree = "<group>"; };
		760D137B21D72DF400AD40A4 /* GoaltendingData.swift */ = {isa = PBXFileReference; lastKnownFileType = sourcecode.swift; path = GoaltendingData.swift; sourceTree = "<group>"; };
		760D137D21DA912E00AD40A4 /* PlayingProbabilityEnum.swift */ = {isa = PBXFileReference; lastKnownFileType = sourcecode.swift; path = PlayingProbabilityEnum.swift; sourceTree = "<group>"; };
		760D138221DA961A00AD40A4 /* NHLPlayerInjury.swift */ = {isa = PBXFileReference; lastKnownFileType = sourcecode.swift; path = NHLPlayerInjury.swift; sourceTree = "<group>"; };
		760D138421DAAF9B00AD40A4 /* PlayerInjuries.swift */ = {isa = PBXFileReference; lastKnownFileType = sourcecode.swift; path = PlayerInjuries.swift; sourceTree = "<group>"; };
		760D138621DAB01900AD40A4 /* PlayerInjuryInfo.swift */ = {isa = PBXFileReference; lastKnownFileType = sourcecode.swift; path = PlayerInjuryInfo.swift; sourceTree = "<group>"; };
		760D138821DD698300AD40A4 /* DisplayGameLogViewController.swift */ = {isa = PBXFileReference; lastKnownFileType = sourcecode.swift; path = DisplayGameLogViewController.swift; sourceTree = "<group>"; };
		7612AB6B21E2DE3C00661CE4 /* DisplayPlayerStatisticsViewController.swift */ = {isa = PBXFileReference; lastKnownFileType = sourcecode.swift; path = DisplayPlayerStatisticsViewController.swift; sourceTree = "<group>"; };
		7640585821C2F76A00695D68 /* DivisionStandingsViewController.swift */ = {isa = PBXFileReference; lastKnownFileType = sourcecode.swift; path = DivisionStandingsViewController.swift; sourceTree = "<group>"; };
		7640585A21C2F8A300695D68 /* ConferenceStandingsViewController.swift */ = {isa = PBXFileReference; lastKnownFileType = sourcecode.swift; path = ConferenceStandingsViewController.swift; sourceTree = "<group>"; };
		7640585C21C2F91800695D68 /* LeagueStandingsViewController.swift */ = {isa = PBXFileReference; lastKnownFileType = sourcecode.swift; path = LeagueStandingsViewController.swift; sourceTree = "<group>"; };
		7640586721C4D5CB00695D68 /* ConferenceEnum.swift */ = {isa = PBXFileReference; lastKnownFileType = sourcecode.swift; path = ConferenceEnum.swift; sourceTree = "<group>"; };
		7640587021C8623D00695D68 /* TeamStatistics.swift */ = {isa = PBXFileReference; lastKnownFileType = sourcecode.swift; path = TeamStatistics.swift; sourceTree = "<group>"; };
		76590DD321BAFE7B0080E0CD /* TeamStandings.swift */ = {isa = PBXFileReference; lastKnownFileType = sourcecode.swift; path = TeamStandings.swift; sourceTree = "<group>"; };
		76590DD621BB02870080E0CD /* TimeAndDateUtils.swift */ = {isa = PBXFileReference; lastKnownFileType = sourcecode.swift; path = TimeAndDateUtils.swift; sourceTree = "<group>"; };
		76590DDB21BB04AE0080E0CD /* Extensions.swift */ = {isa = PBXFileReference; lastKnownFileType = sourcecode.swift; path = Extensions.swift; sourceTree = "<group>"; };
		76590DDD21BB0DDC0080E0CD /* DatabaseManager.swift */ = {isa = PBXFileReference; lastKnownFileType = sourcecode.swift; path = DatabaseManager.swift; sourceTree = "<group>"; };
		76590DE021BDBE150080E0CD /* CellView.swift */ = {isa = PBXFileReference; fileEncoding = 4; lastKnownFileType = sourcecode.swift; path = CellView.swift; sourceTree = "<group>"; };
		76590DE221BDBE650080E0CD /* CellView.xib */ = {isa = PBXFileReference; fileEncoding = 4; lastKnownFileType = file.xib; path = CellView.xib; sourceTree = "<group>"; };
		76590DE521BDC09B0080E0CD /* ScheduleTableViewCell.xib */ = {isa = PBXFileReference; fileEncoding = 4; lastKnownFileType = file.xib; path = ScheduleTableViewCell.xib; sourceTree = "<group>"; };
		76590DE621BDC09B0080E0CD /* Schedule.swift */ = {isa = PBXFileReference; fileEncoding = 4; lastKnownFileType = sourcecode.swift; path = Schedule.swift; sourceTree = "<group>"; };
		76590DE721BDC09B0080E0CD /* ScheduleTableViewCell.swift */ = {isa = PBXFileReference; fileEncoding = 4; lastKnownFileType = sourcecode.swift; path = ScheduleTableViewCell.swift; sourceTree = "<group>"; };
		76590DEB21BDCAA70080E0CD /* DisplayCalendarViewController.swift */ = {isa = PBXFileReference; fileEncoding = 4; lastKnownFileType = sourcecode.swift; path = DisplayCalendarViewController.swift; sourceTree = "<group>"; };
		76590DED21C050EA0080E0CD /* MainMenuCategory.swift */ = {isa = PBXFileReference; lastKnownFileType = sourcecode.swift; path = MainMenuCategory.swift; sourceTree = "<group>"; };
		76590DF021C0540D0080E0CD /* MenuCategory.swift */ = {isa = PBXFileReference; lastKnownFileType = sourcecode.swift; path = MenuCategory.swift; sourceTree = "<group>"; };
		76590DF221C07DF50080E0CD /* DisplayStandingsTabViewController.swift */ = {isa = PBXFileReference; lastKnownFileType = sourcecode.swift; path = DisplayStandingsTabViewController.swift; sourceTree = "<group>"; };
		76590DF621C07F740080E0CD /* DisplayTeamStatsViewController.swift */ = {isa = PBXFileReference; lastKnownFileType = sourcecode.swift; path = DisplayTeamStatsViewController.swift; sourceTree = "<group>"; };
		766759D821C1C7FE00AFD881 /* DivisionEnum.swift */ = {isa = PBXFileReference; lastKnownFileType = sourcecode.swift; path = DivisionEnum.swift; sourceTree = "<group>"; };
		766759DA21C1ED7100AFD881 /* PositionEnum.swift */ = {isa = PBXFileReference; lastKnownFileType = sourcecode.swift; path = PositionEnum.swift; sourceTree = "<group>"; };
		766759DC21C1F9CA00AFD881 /* DisplayPlayerViewController.swift */ = {isa = PBXFileReference; lastKnownFileType = sourcecode.swift; path = DisplayPlayerViewController.swift; sourceTree = "<group>"; };
		7671F19121C0A44300A65E27 /* DisplayTeamsViewController.swift */ = {isa = PBXFileReference; lastKnownFileType = sourcecode.swift; path = DisplayTeamsViewController.swift; sourceTree = "<group>"; };
		7671F19321C0C0BA00A65E27 /* ConversionUtils.swift */ = {isa = PBXFileReference; lastKnownFileType = sourcecode.swift; path = ConversionUtils.swift; sourceTree = "<group>"; };
		7671F19521C0C76000A65E27 /* DisplayRosterViewController.swift */ = {isa = PBXFileReference; lastKnownFileType = sourcecode.swift; path = DisplayRosterViewController.swift; sourceTree = "<group>"; };
		7686944B21E98FEE007F3D02 /* CompletedGamesViewController.swift */ = {isa = PBXFileReference; lastKnownFileType = sourcecode.swift; path = CompletedGamesViewController.swift; sourceTree = "<group>"; };
		7686944D21E990ED007F3D02 /* DisplayTeamScheduleTabViewController.swift */ = {isa = PBXFileReference; lastKnownFileType = sourcecode.swift; path = DisplayTeamScheduleTabViewController.swift; sourceTree = "<group>"; };
		7686944F21E9915F007F3D02 /* GamesRemainingViewController.swift */ = {isa = PBXFileReference; lastKnownFileType = sourcecode.swift; path = GamesRemainingViewController.swift; sourceTree = "<group>"; };
		7686945121EC19E4007F3D02 /* DisplayPlayerInjuryViewController.swift */ = {isa = PBXFileReference; lastKnownFileType = sourcecode.swift; path = DisplayPlayerInjuryViewController.swift; sourceTree = "<group>"; };
		7686945321EFCB9A007F3D02 /* DisplayTeamInfoTabBarViewController.swift */ = {isa = PBXFileReference; lastKnownFileType = sourcecode.swift; path = DisplayTeamInfoTabBarViewController.swift; sourceTree = "<group>"; };
		769F46E5219E543000E89895 /* ScoreCell.swift */ = {isa = PBXFileReference; lastKnownFileType = sourcecode.swift; path = ScoreCell.swift; sourceTree = "<group>"; };
		769F46E6219E543000E89895 /* ScoreCell.xib */ = {isa = PBXFileReference; lastKnownFileType = file.xib; path = ScoreCell.xib; sourceTree = "<group>"; };
		76B478B921AF693F00337D98 /* PeriodEnum.swift */ = {isa = PBXFileReference; lastKnownFileType = sourcecode.swift; path = PeriodEnum.swift; sourceTree = "<group>"; };
		76BDDD9F21D412E500614AFA /* HockeyInfoTests.xctest */ = {isa = PBXFileReference; explicitFileType = wrapper.cfbundle; includeInIndex = 0; path = HockeyInfoTests.xctest; sourceTree = BUILT_PRODUCTS_DIR; };
		76BDDDA121D412E500614AFA /* HockeyInfoTests.swift */ = {isa = PBXFileReference; lastKnownFileType = sourcecode.swift; path = HockeyInfoTests.swift; sourceTree = "<group>"; };
		76BDDDA321D412E500614AFA /* Info.plist */ = {isa = PBXFileReference; lastKnownFileType = text.plist.xml; path = Info.plist; sourceTree = "<group>"; };
		76BDDDA921D443B700614AFA /* PlayerStatistics.swift */ = {isa = PBXFileReference; lastKnownFileType = sourcecode.swift; path = PlayerStatistics.swift; sourceTree = "<group>"; };
		76BDDDAB21D449AD00614AFA /* PenaltyData.swift */ = {isa = PBXFileReference; lastKnownFileType = sourcecode.swift; path = PenaltyData.swift; sourceTree = "<group>"; };
		76BDDDAD21D44B5C00614AFA /* SkatingData.swift */ = {isa = PBXFileReference; lastKnownFileType = sourcecode.swift; path = SkatingData.swift; sourceTree = "<group>"; };
		76BDDDAF21D44C8A00614AFA /* ScoringData.swift */ = {isa = PBXFileReference; lastKnownFileType = sourcecode.swift; path = ScoringData.swift; sourceTree = "<group>"; };
		76BDDDB121D44E0B00614AFA /* PlayerStats.swift */ = {isa = PBXFileReference; lastKnownFileType = sourcecode.swift; path = PlayerStats.swift; sourceTree = "<group>"; };
		76BDDDB321D44EBA00614AFA /* PlayerStatsTotal.swift */ = {isa = PBXFileReference; lastKnownFileType = sourcecode.swift; path = PlayerStatsTotal.swift; sourceTree = "<group>"; };
		76BDDDB521D44FF600614AFA /* PlayerStatData.swift */ = {isa = PBXFileReference; lastKnownFileType = sourcecode.swift; path = PlayerStatData.swift; sourceTree = "<group>"; };
		76BDDDB721D5758200614AFA /* PlayerStatId.swift */ = {isa = PBXFileReference; lastKnownFileType = sourcecode.swift; path = PlayerStatId.swift; sourceTree = "<group>"; };
		76BDDDBB21D59C1000614AFA /* CompletedScheduleViewCell.swift */ = {isa = PBXFileReference; lastKnownFileType = sourcecode.swift; path = CompletedScheduleViewCell.swift; sourceTree = "<group>"; };
		76BDDDBC21D59C1000614AFA /* CompletedScheduleViewCell.xib */ = {isa = PBXFileReference; lastKnownFileType = file.xib; path = CompletedScheduleViewCell.xib; sourceTree = "<group>"; };
		76BDDDBF21D59C7F00614AFA /* FutureScheduleViewCell.swift */ = {isa = PBXFileReference; lastKnownFileType = sourcecode.swift; path = FutureScheduleViewCell.swift; sourceTree = "<group>"; };
		76BDDDC021D59C7F00614AFA /* FutureScheduleViewCell.xib */ = {isa = PBXFileReference; lastKnownFileType = file.xib; path = FutureScheduleViewCell.xib; sourceTree = "<group>"; };
		76BDDDC321D5A8C600614AFA /* DisplayTeamScheduleViewController.swift */ = {isa = PBXFileReference; lastKnownFileType = sourcecode.swift; path = DisplayTeamScheduleViewController.swift; sourceTree = "<group>"; };
		76D60B56219D060F0058EEB0 /* Hockey Info.app */ = {isa = PBXFileReference; explicitFileType = wrapper.application; includeInIndex = 0; path = "Hockey Info.app"; sourceTree = BUILT_PRODUCTS_DIR; };
		76D60B59219D060F0058EEB0 /* AppDelegate.swift */ = {isa = PBXFileReference; lastKnownFileType = sourcecode.swift; path = AppDelegate.swift; sourceTree = "<group>"; };
		76D60B5B219D060F0058EEB0 /* DisplayScoresViewController.swift */ = {isa = PBXFileReference; lastKnownFileType = sourcecode.swift; path = DisplayScoresViewController.swift; sourceTree = "<group>"; };
		76D60B5E219D060F0058EEB0 /* Base */ = {isa = PBXFileReference; lastKnownFileType = file.storyboard; name = Base; path = Base.lproj/Main.storyboard; sourceTree = "<group>"; };
		76D60B60219D06110058EEB0 /* Assets.xcassets */ = {isa = PBXFileReference; lastKnownFileType = folder.assetcatalog; path = Assets.xcassets; sourceTree = "<group>"; };
		76D60B63219D06110058EEB0 /* Base */ = {isa = PBXFileReference; lastKnownFileType = file.storyboard; name = Base; path = Base.lproj/LaunchScreen.storyboard; sourceTree = "<group>"; };
		76D60B65219D06110058EEB0 /* Info.plist */ = {isa = PBXFileReference; lastKnownFileType = text.plist.xml; path = Info.plist; sourceTree = "<group>"; };
		76F0AD1521A249D200249F28 /* TeamManager.swift */ = {isa = PBXFileReference; lastKnownFileType = sourcecode.swift; path = TeamManager.swift; sourceTree = "<group>"; };
		76F118C021A4C4C1009E5F67 /* NHLTeam.swift */ = {isa = PBXFileReference; lastKnownFileType = sourcecode.swift; path = NHLTeam.swift; sourceTree = "<group>"; };
		76F118C221A4C719009E5F67 /* NHLPlayer.swift */ = {isa = PBXFileReference; lastKnownFileType = sourcecode.swift; path = NHLPlayer.swift; sourceTree = "<group>"; };
		76F118C521A4D537009E5F67 /* NetworkManager.swift */ = {isa = PBXFileReference; lastKnownFileType = sourcecode.swift; path = NetworkManager.swift; sourceTree = "<group>"; };
		96E07D2F0940FA8A3635712C /* Pods-Hockey Info.debug.xcconfig */ = {isa = PBXFileReference; includeInIndex = 1; lastKnownFileType = text.xcconfig; name = "Pods-Hockey Info.debug.xcconfig"; path = "Pods/Target Support Files/Pods-Hockey Info/Pods-Hockey Info.debug.xcconfig"; sourceTree = "<group>"; };
		E3619F0A6A1F92A56F6525C4 /* Pods-Hockey Info.release.xcconfig */ = {isa = PBXFileReference; includeInIndex = 1; lastKnownFileType = text.xcconfig; name = "Pods-Hockey Info.release.xcconfig"; path = "Pods/Target Support Files/Pods-Hockey Info/Pods-Hockey Info.release.xcconfig"; sourceTree = "<group>"; };
/* End PBXFileReference section */

/* Begin PBXFrameworksBuildPhase section */
		76BDDD9C21D412E500614AFA /* Frameworks */ = {
			isa = PBXFrameworksBuildPhase;
			buildActionMask = 2147483647;
			files = (
			);
			runOnlyForDeploymentPostprocessing = 0;
		};
		76D60B53219D060F0058EEB0 /* Frameworks */ = {
			isa = PBXFrameworksBuildPhase;
			buildActionMask = 2147483647;
			files = (
				772B6025421B3DE3331C384B /* Pods_Hockey_Info.framework in Frameworks */,
			);
			runOnlyForDeploymentPostprocessing = 0;
		};
/* End PBXFrameworksBuildPhase section */

/* Begin PBXGroup section */
		76045B4621B324D400980C63 /* Schedule */ = {
			isa = PBXGroup;
			children = (
				76045B4721B3255300980C63 /* SeasonSchedule.swift */,
				76045B4921B3297200980C63 /* ScheduledGame.swift */,
				76045B4B21B3321B00980C63 /* ScoreInfo.swift */,
				76045B4D21B3331400980C63 /* PeriodInfo.swift */,
				76045B4F21B333F300980C63 /* ScheduleInfo.swift */,
				76045B5121B3362F00980C63 /* TeamData.swift */,
				76045B5321B3369100980C63 /* VenueData.swift */,
			);
			path = Schedule;
			sourceTree = "<group>";
		};
		76045B5521B3438400980C63 /* Players */ = {
			isa = PBXGroup;
			children = (
				76045B5621B343EB00980C63 /* RosterPlayers.swift */,
				76045B5821B3448100980C63 /* PlayerInfo.swift */,
				76045B5A21B3461800980C63 /* CurrentTeamData.swift */,
				76045B5C21B347A200980C63 /* PlayerData.swift */,
				76045B5E21B34C6900980C63 /* CurrentInjuryData.swift */,
				76045B6021B34C9C00980C63 /* HandednessData.swift */,
				76BDDDAB21D449AD00614AFA /* PenaltyData.swift */,
				76BDDDAD21D44B5C00614AFA /* SkatingData.swift */,
				76BDDDAF21D44C8A00614AFA /* ScoringData.swift */,
				76BDDDB121D44E0B00614AFA /* PlayerStats.swift */,
				76BDDDB321D44EBA00614AFA /* PlayerStatsTotal.swift */,
				76BDDDB521D44FF600614AFA /* PlayerStatData.swift */,
				76BDDDB721D5758200614AFA /* PlayerStatId.swift */,
				760D137B21D72DF400AD40A4 /* GoaltendingData.swift */,
				760D138421DAAF9B00AD40A4 /* PlayerInjuries.swift */,
				760D138621DAB01900AD40A4 /* PlayerInjuryInfo.swift */,
			);
			path = Players;
			sourceTree = "<group>";
		};
		76045B6421B360F400980C63 /* Standings */ = {
			isa = PBXGroup;
			children = (
				76045B6221B3609100980C63 /* NHLStandings.swift */,
				76045B6721B3642E00980C63 /* StandingsCategory.swift */,
				76045B6521B3626600980C63 /* StandingsReferenceData.swift */,
				76045B6921B3673500980C63 /* TeamStandingsData.swift */,
				76045B6B21B36AF300980C63 /* TeamInformation.swift */,
				76045B7521B36BE100980C63 /* PlayoffRankData.swift */,
				76045B7921B36FF200980C63 /* FaceoffData.swift */,
				76045B6D21B36B1E00980C63 /* TeamStats.swift */,
				76045B6F21B36B6200980C63 /* OverallRankData.swift */,
				76045B7121B36B9100980C63 /* ConferenceRankData.swift */,
				76045B7321B36BB900980C63 /* DivisionRankData.swift */,
				76045B7721B36FC300980C63 /* StandingsData.swift */,
				76045B7B21B3701800980C63 /* PowerplayData.swift */,
				76045B7D21B3704A00980C63 /* MiscellaneousData.swift */,
			);
			path = Standings;
			sourceTree = "<group>";
		};
		760D136C21D7086700AD40A4 /* Game Logs */ = {
			isa = PBXGroup;
			children = (
				760D136D21D708DB00AD40A4 /* GameLog.swift */,
				760D136F21D7097300AD40A4 /* GameLogData.swift */,
				760D137121D70B0500AD40A4 /* GameData.swift */,
				760D137321D70C1900AD40A4 /* StatsData.swift */,
				760D137521D70EF700AD40A4 /* GameLogReferences.swift */,
				760D137721D70F9000AD40A4 /* GameReference.swift */,
			);
			path = "Game Logs";
			sourceTree = "<group>";
		};
		7640585E21C4733B00695D68 /* Cells Created With XIB */ = {
			isa = PBXGroup;
			children = (
				769F46E5219E543000E89895 /* ScoreCell.swift */,
				769F46E6219E543000E89895 /* ScoreCell.xib */,
				76BDDDBB21D59C1000614AFA /* CompletedScheduleViewCell.swift */,
				76BDDDBC21D59C1000614AFA /* CompletedScheduleViewCell.xib */,
				76BDDDBF21D59C7F00614AFA /* FutureScheduleViewCell.swift */,
				76BDDDC021D59C7F00614AFA /* FutureScheduleViewCell.xib */,
			);
			path = "Cells Created With XIB";
			sourceTree = "<group>";
		};
		76590DD521BB024F0080E0CD /* Utils */ = {
			isa = PBXGroup;
			children = (
				76590DD621BB02870080E0CD /* TimeAndDateUtils.swift */,
				7671F19321C0C0BA00A65E27 /* ConversionUtils.swift */,
			);
			path = Utils;
			sourceTree = "<group>";
		};
		76590DDA21BB04960080E0CD /* Extensions */ = {
			isa = PBXGroup;
			children = (
				76590DDB21BB04AE0080E0CD /* Extensions.swift */,
			);
			path = Extensions;
			sourceTree = "<group>";
		};
		76590DDF21BDBDCF0080E0CD /* DateCellCreatedWithXIB */ = {
			isa = PBXGroup;
			children = (
				76590DE221BDBE650080E0CD /* CellView.xib */,
				76590DE021BDBE150080E0CD /* CellView.swift */,
			);
			path = DateCellCreatedWithXIB;
			sourceTree = "<group>";
		};
		76590DE421BDC09B0080E0CD /* Schedules */ = {
			isa = PBXGroup;
			children = (
				76590DE521BDC09B0080E0CD /* ScheduleTableViewCell.xib */,
				76590DE621BDC09B0080E0CD /* Schedule.swift */,
				76590DE721BDC09B0080E0CD /* ScheduleTableViewCell.swift */,
			);
			path = Schedules;
			sourceTree = "<group>";
		};
		76590DEF21C053AE0080E0CD /* Categories */ = {
			isa = PBXGroup;
			children = (
				76590DF021C0540D0080E0CD /* MenuCategory.swift */,
			);
			path = Categories;
			sourceTree = "<group>";
		};
		766759DE21C217C600AFD881 /* Enums */ = {
			isa = PBXGroup;
			children = (
				76B478B921AF693F00337D98 /* PeriodEnum.swift */,
				766759DA21C1ED7100AFD881 /* PositionEnum.swift */,
				76045B4421B0B1E000980C63 /* PlayedStatusEnum.swift */,
				766759D821C1C7FE00AFD881 /* DivisionEnum.swift */,
				7640586721C4D5CB00695D68 /* ConferenceEnum.swift */,
				760D137D21DA912E00AD40A4 /* PlayingProbabilityEnum.swift */,
			);
			path = Enums;
			sourceTree = "<group>";
		};
		76BDDDA021D412E500614AFA /* HockeyInfoTests */ = {
			isa = PBXGroup;
			children = (
				76BDDDA121D412E500614AFA /* HockeyInfoTests.swift */,
				76BDDDA321D412E500614AFA /* Info.plist */,
			);
			path = HockeyInfoTests;
			sourceTree = "<group>";
		};
		76D60B4D219D060F0058EEB0 = {
			isa = PBXGroup;
			children = (
				76D60B58219D060F0058EEB0 /* Hockey Info */,
				76BDDDA021D412E500614AFA /* HockeyInfoTests */,
				76D60B57219D060F0058EEB0 /* Products */,
				B624197FF41FCB21FFC70336 /* Pods */,
				94206E9051B91E02CF05169A /* Frameworks */,
			);
			sourceTree = "<group>";
		};
		76D60B57219D060F0058EEB0 /* Products */ = {
			isa = PBXGroup;
			children = (
				76D60B56219D060F0058EEB0 /* Hockey Info.app */,
				76BDDD9F21D412E500614AFA /* HockeyInfoTests.xctest */,
			);
			name = Products;
			sourceTree = "<group>";
		};
		76D60B58219D060F0058EEB0 /* Hockey Info */ = {
			isa = PBXGroup;
			children = (
				76F0AD07219FCD0000249F28 /* Models */,
				7640585E21C4733B00695D68 /* Cells Created With XIB */,
				76590DE421BDC09B0080E0CD /* Schedules */,
				76590DDF21BDBDCF0080E0CD /* DateCellCreatedWithXIB */,
				76590DDA21BB04960080E0CD /* Extensions */,
				766759DE21C217C600AFD881 /* Enums */,
				76590DD521BB024F0080E0CD /* Utils */,
				76F0AD1421A2336900249F28 /* Database Models */,
				76F118C721A4DBFF009E5F67 /* Managers */,
				76D60B59219D060F0058EEB0 /* AppDelegate.swift */,
				76F0AD06219FCCBB00249F28 /* Controller */,
				76F0AD05219FCCAA00249F28 /* View */,
				76D60B60219D06110058EEB0 /* Assets.xcassets */,
				76D60B62219D06110058EEB0 /* LaunchScreen.storyboard */,
				76D60B65219D06110058EEB0 /* Info.plist */,
			);
			path = "Hockey Info";
			sourceTree = "<group>";
		};
		76F0AD05219FCCAA00249F28 /* View */ = {
			isa = PBXGroup;
			children = (
				76D60B5D219D060F0058EEB0 /* Main.storyboard */,
			);
			path = View;
			sourceTree = "<group>";
		};
		76F0AD06219FCCBB00249F28 /* Controller */ = {
			isa = PBXGroup;
			children = (
				76D60B5B219D060F0058EEB0 /* DisplayScoresViewController.swift */,
				76590DEB21BDCAA70080E0CD /* DisplayCalendarViewController.swift */,
				76045B7F21B4A23700980C63 /* MainMenuViewController.swift */,
				76590DF221C07DF50080E0CD /* DisplayStandingsTabViewController.swift */,
				76590DF621C07F740080E0CD /* DisplayTeamStatsViewController.swift */,
				7671F19121C0A44300A65E27 /* DisplayTeamsViewController.swift */,
				7671F19521C0C76000A65E27 /* DisplayRosterViewController.swift */,
				766759DC21C1F9CA00AFD881 /* DisplayPlayerViewController.swift */,
				7640585821C2F76A00695D68 /* DivisionStandingsViewController.swift */,
				7640585A21C2F8A300695D68 /* ConferenceStandingsViewController.swift */,
				7640585C21C2F91800695D68 /* LeagueStandingsViewController.swift */,
				76BDDDC321D5A8C600614AFA /* DisplayTeamScheduleViewController.swift */,
				760D138821DD698300AD40A4 /* DisplayGameLogViewController.swift */,
				7612AB6B21E2DE3C00661CE4 /* DisplayPlayerStatisticsViewController.swift */,
				7686944B21E98FEE007F3D02 /* CompletedGamesViewController.swift */,
				7686944D21E990ED007F3D02 /* DisplayTeamScheduleTabViewController.swift */,
				7686944F21E9915F007F3D02 /* GamesRemainingViewController.swift */,
				7686945121EC19E4007F3D02 /* DisplayPlayerInjuryViewController.swift */,
				7686945321EFCB9A007F3D02 /* DisplayTeamInfoTabBarViewController.swift */,
			);
			path = Controller;
			sourceTree = "<group>";
		};
		76F0AD07219FCD0000249F28 /* Models */ = {
			isa = PBXGroup;
			children = (
				760D136C21D7086700AD40A4 /* Game Logs */,
				76590DEF21C053AE0080E0CD /* Categories */,
				76045B6421B360F400980C63 /* Standings */,
				76045B5521B3438400980C63 /* Players */,
				76045B4621B324D400980C63 /* Schedule */,
			);
			path = Models;
			sourceTree = "<group>";
		};
		76F0AD1421A2336900249F28 /* Database Models */ = {
			isa = PBXGroup;
			children = (
				76F118C021A4C4C1009E5F67 /* NHLTeam.swift */,
				76F118C221A4C719009E5F67 /* NHLPlayer.swift */,
				76045B4221B0AFDE00980C63 /* NHLSchedule.swift */,
				76590DD321BAFE7B0080E0CD /* TeamStandings.swift */,
				76590DED21C050EA0080E0CD /* MainMenuCategory.swift */,
				7640587021C8623D00695D68 /* TeamStatistics.swift */,
				76BDDDA921D443B700614AFA /* PlayerStatistics.swift */,
				760D137921D718A600AD40A4 /* NHLGameLog.swift */,
				760D138221DA961A00AD40A4 /* NHLPlayerInjury.swift */,
			);
			path = "Database Models";
			sourceTree = "<group>";
		};
		76F118C721A4DBFF009E5F67 /* Managers */ = {
			isa = PBXGroup;
			children = (
				76590DDD21BB0DDC0080E0CD /* DatabaseManager.swift */,
				76F118C521A4D537009E5F67 /* NetworkManager.swift */,
				76F0AD1521A249D200249F28 /* TeamManager.swift */,
			);
			path = Managers;
			sourceTree = "<group>";
		};
		94206E9051B91E02CF05169A /* Frameworks */ = {
			isa = PBXGroup;
			children = (
				38DB8FFEEF99AE5B713D0CA3 /* Pods_Hockey_Info.framework */,
			);
			name = Frameworks;
			sourceTree = "<group>";
		};
		B624197FF41FCB21FFC70336 /* Pods */ = {
			isa = PBXGroup;
			children = (
				96E07D2F0940FA8A3635712C /* Pods-Hockey Info.debug.xcconfig */,
				E3619F0A6A1F92A56F6525C4 /* Pods-Hockey Info.release.xcconfig */,
			);
			name = Pods;
			sourceTree = "<group>";
		};
/* End PBXGroup section */

/* Begin PBXNativeTarget section */
		76BDDD9E21D412E500614AFA /* HockeyInfoTests */ = {
			isa = PBXNativeTarget;
			buildConfigurationList = 76BDDDA821D412E500614AFA /* Build configuration list for PBXNativeTarget "HockeyInfoTests" */;
			buildPhases = (
				76BDDD9B21D412E500614AFA /* Sources */,
				76BDDD9C21D412E500614AFA /* Frameworks */,
				76BDDD9D21D412E500614AFA /* Resources */,
			);
			buildRules = (
			);
			dependencies = (
				76BDDDA521D412E500614AFA /* PBXTargetDependency */,
			);
			name = HockeyInfoTests;
			productName = HockeyInfoTests;
			productReference = 76BDDD9F21D412E500614AFA /* HockeyInfoTests.xctest */;
			productType = "com.apple.product-type.bundle.unit-test";
		};
		76D60B55219D060F0058EEB0 /* Hockey Info */ = {
			isa = PBXNativeTarget;
			buildConfigurationList = 76D60B68219D06110058EEB0 /* Build configuration list for PBXNativeTarget "Hockey Info" */;
			buildPhases = (
				D07ADEBB859BA38168C09C0A /* [CP] Check Pods Manifest.lock */,
				76D60B52219D060F0058EEB0 /* Sources */,
				76D60B53219D060F0058EEB0 /* Frameworks */,
				76D60B54219D060F0058EEB0 /* Resources */,
				650082657479FF987C5B86E2 /* [CP] Embed Pods Frameworks */,
			);
			buildRules = (
			);
			dependencies = (
			);
			name = "Hockey Info";
			productName = "Hockey Info";
			productReference = 76D60B56219D060F0058EEB0 /* Hockey Info.app */;
			productType = "com.apple.product-type.application";
		};
/* End PBXNativeTarget section */

/* Begin PBXProject section */
		76D60B4E219D060F0058EEB0 /* Project object */ = {
			isa = PBXProject;
			attributes = {
				LastSwiftUpdateCheck = 1010;
				LastUpgradeCheck = 1010;
				ORGANIZATIONNAME = "Larry Burris";
				TargetAttributes = {
					76BDDD9E21D412E500614AFA = {
						CreatedOnToolsVersion = 10.1;
						TestTargetID = 76D60B55219D060F0058EEB0;
					};
					76D60B55219D060F0058EEB0 = {
						CreatedOnToolsVersion = 10.1;
					};
				};
			};
			buildConfigurationList = 76D60B51219D060F0058EEB0 /* Build configuration list for PBXProject "Hockey Info" */;
			compatibilityVersion = "Xcode 10.0";
			developmentRegion = en;
			hasScannedForEncodings = 0;
			knownRegions = (
				en,
				Base,
			);
			mainGroup = 76D60B4D219D060F0058EEB0;
			productRefGroup = 76D60B57219D060F0058EEB0 /* Products */;
			projectDirPath = "";
			projectRoot = "";
			targets = (
				76D60B55219D060F0058EEB0 /* Hockey Info */,
				76BDDD9E21D412E500614AFA /* HockeyInfoTests */,
			);
		};
/* End PBXProject section */

/* Begin PBXResourcesBuildPhase section */
		76BDDD9D21D412E500614AFA /* Resources */ = {
			isa = PBXResourcesBuildPhase;
			buildActionMask = 2147483647;
			files = (
			);
			runOnlyForDeploymentPostprocessing = 0;
		};
		76D60B54219D060F0058EEB0 /* Resources */ = {
			isa = PBXResourcesBuildPhase;
			buildActionMask = 2147483647;
			files = (
				76590DE321BDBE650080E0CD /* CellView.xib in Resources */,
				76D60B64219D06110058EEB0 /* LaunchScreen.storyboard in Resources */,
				769F46E8219E543000E89895 /* ScoreCell.xib in Resources */,
				7673FB3021AE3486001FF044 /* Assets.xcassets in Resources */,
				76590DE821BDC09B0080E0CD /* ScheduleTableViewCell.xib in Resources */,
				76D60B5F219D060F0058EEB0 /* Main.storyboard in Resources */,
				76BDDDC221D59C7F00614AFA /* FutureScheduleViewCell.xib in Resources */,
				76BDDDBE21D59C1000614AFA /* CompletedScheduleViewCell.xib in Resources */,
			);
			runOnlyForDeploymentPostprocessing = 0;
		};
/* End PBXResourcesBuildPhase section */

/* Begin PBXShellScriptBuildPhase section */
		650082657479FF987C5B86E2 /* [CP] Embed Pods Frameworks */ = {
			isa = PBXShellScriptBuildPhase;
			buildActionMask = 2147483647;
			files = (
			);
			inputFileListPaths = (
			);
			inputPaths = (
				"${PODS_ROOT}/Target Support Files/Pods-Hockey Info/Pods-Hockey Info-frameworks.sh",
				"${BUILT_PRODUCTS_DIR}/JTAppleCalendar/JTAppleCalendar.framework",
				"${BUILT_PRODUCTS_DIR}/Kingfisher/Kingfisher.framework",
				"${BUILT_PRODUCTS_DIR}/Realm/Realm.framework",
				"${BUILT_PRODUCTS_DIR}/RealmSwift/RealmSwift.framework",
				"${BUILT_PRODUCTS_DIR}/SwiftDate/SwiftDate.framework",
				"${BUILT_PRODUCTS_DIR}/SwifterSwift/SwifterSwift.framework",
				"${BUILT_PRODUCTS_DIR}/VBRRollingPit/VBRRollingPit.framework",
			);
			name = "[CP] Embed Pods Frameworks";
			outputFileListPaths = (
			);
			outputPaths = (
				"${TARGET_BUILD_DIR}/${FRAMEWORKS_FOLDER_PATH}/JTAppleCalendar.framework",
				"${TARGET_BUILD_DIR}/${FRAMEWORKS_FOLDER_PATH}/Kingfisher.framework",
				"${TARGET_BUILD_DIR}/${FRAMEWORKS_FOLDER_PATH}/Realm.framework",
				"${TARGET_BUILD_DIR}/${FRAMEWORKS_FOLDER_PATH}/RealmSwift.framework",
				"${TARGET_BUILD_DIR}/${FRAMEWORKS_FOLDER_PATH}/SwiftDate.framework",
				"${TARGET_BUILD_DIR}/${FRAMEWORKS_FOLDER_PATH}/SwifterSwift.framework",
				"${TARGET_BUILD_DIR}/${FRAMEWORKS_FOLDER_PATH}/VBRRollingPit.framework",
			);
			runOnlyForDeploymentPostprocessing = 0;
			shellPath = /bin/sh;
			shellScript = "\"${PODS_ROOT}/Target Support Files/Pods-Hockey Info/Pods-Hockey Info-frameworks.sh\"\n";
			showEnvVarsInLog = 0;
		};
		D07ADEBB859BA38168C09C0A /* [CP] Check Pods Manifest.lock */ = {
			isa = PBXShellScriptBuildPhase;
			buildActionMask = 2147483647;
			files = (
			);
			inputFileListPaths = (
			);
			inputPaths = (
				"${PODS_PODFILE_DIR_PATH}/Podfile.lock",
				"${PODS_ROOT}/Manifest.lock",
			);
			name = "[CP] Check Pods Manifest.lock";
			outputFileListPaths = (
			);
			outputPaths = (
				"$(DERIVED_FILE_DIR)/Pods-Hockey Info-checkManifestLockResult.txt",
			);
			runOnlyForDeploymentPostprocessing = 0;
			shellPath = /bin/sh;
			shellScript = "diff \"${PODS_PODFILE_DIR_PATH}/Podfile.lock\" \"${PODS_ROOT}/Manifest.lock\" > /dev/null\nif [ $? != 0 ] ; then\n    # print error to STDERR\n    echo \"error: The sandbox is not in sync with the Podfile.lock. Run 'pod install' or update your CocoaPods installation.\" >&2\n    exit 1\nfi\n# This output is used by Xcode 'outputs' to avoid re-running this script phase.\necho \"SUCCESS\" > \"${SCRIPT_OUTPUT_FILE_0}\"\n";
			showEnvVarsInLog = 0;
		};
/* End PBXShellScriptBuildPhase section */

/* Begin PBXSourcesBuildPhase section */
		76BDDD9B21D412E500614AFA /* Sources */ = {
			isa = PBXSourcesBuildPhase;
			buildActionMask = 2147483647;
			files = (
				76BDDDA221D412E500614AFA /* HockeyInfoTests.swift in Sources */,
			);
			runOnlyForDeploymentPostprocessing = 0;
		};
		76D60B52219D060F0058EEB0 /* Sources */ = {
			isa = PBXSourcesBuildPhase;
			buildActionMask = 2147483647;
			files = (
				76045B6E21B36B1E00980C63 /* TeamStats.swift in Sources */,
				76590DEA21BDC09B0080E0CD /* ScheduleTableViewCell.swift in Sources */,
				76F118C121A4C4C1009E5F67 /* NHLTeam.swift in Sources */,
				760D136E21D708DB00AD40A4 /* GameLog.swift in Sources */,
				76BDDDC421D5A8C600614AFA /* DisplayTeamScheduleViewController.swift in Sources */,
				76D60B5C219D060F0058EEB0 /* DisplayScoresViewController.swift in Sources */,
				76045B5B21B3461800980C63 /* CurrentTeamData.swift in Sources */,
				76B478BA21AF693F00337D98 /* PeriodEnum.swift in Sources */,
				76045B4321B0AFDE00980C63 /* NHLSchedule.swift in Sources */,
				76045B6A21B3673500980C63 /* TeamStandingsData.swift in Sources */,
				760D138921DD698300AD40A4 /* DisplayGameLogViewController.swift in Sources */,
				7640585D21C2F91900695D68 /* LeagueStandingsViewController.swift in Sources */,
				76BDDDAA21D443B700614AFA /* PlayerStatistics.swift in Sources */,
				76045B5421B3369100980C63 /* VenueData.swift in Sources */,
				76045B4521B0B1E000980C63 /* PlayedStatusEnum.swift in Sources */,
				76F118C321A4C719009E5F67 /* NHLPlayer.swift in Sources */,
				760D137421D70C1900AD40A4 /* StatsData.swift in Sources */,
				76045B8021B4A23700980C63 /* MainMenuViewController.swift in Sources */,
				76045B6621B3626600980C63 /* StandingsReferenceData.swift in Sources */,
				76045B4E21B3331400980C63 /* PeriodInfo.swift in Sources */,
				76590DF321C07DF50080E0CD /* DisplayStandingsTabViewController.swift in Sources */,
				766759D921C1C7FE00AFD881 /* DivisionEnum.swift in Sources */,
				760D138521DAAF9B00AD40A4 /* PlayerInjuries.swift in Sources */,
				760D137821D70F9000AD40A4 /* GameReference.swift in Sources */,
				76BDDDAC21D449AD00614AFA /* PenaltyData.swift in Sources */,
				76590DF721C07F740080E0CD /* DisplayTeamStatsViewController.swift in Sources */,
				76045B7621B36BE100980C63 /* PlayoffRankData.swift in Sources */,
				766759DD21C1F9CA00AFD881 /* DisplayPlayerViewController.swift in Sources */,
				76045B7421B36BB900980C63 /* DivisionRankData.swift in Sources */,
				76BDDDB221D44E0B00614AFA /* PlayerStats.swift in Sources */,
				76590DF121C0540D0080E0CD /* MenuCategory.swift in Sources */,
				76590DD721BB02870080E0CD /* TimeAndDateUtils.swift in Sources */,
				760D137E21DA912E00AD40A4 /* PlayingProbabilityEnum.swift in Sources */,
				76045B6321B3609100980C63 /* NHLStandings.swift in Sources */,
				7686944C21E98FEE007F3D02 /* CompletedGamesViewController.swift in Sources */,
				76045B7C21B3701800980C63 /* PowerplayData.swift in Sources */,
				76045B7821B36FC300980C63 /* StandingsData.swift in Sources */,
				7686944E21E990ED007F3D02 /* DisplayTeamScheduleTabViewController.swift in Sources */,
				760D138721DAB01900AD40A4 /* PlayerInjuryInfo.swift in Sources */,
				760D137221D70B0500AD40A4 /* GameData.swift in Sources */,
				7686945021E9915F007F3D02 /* GamesRemainingViewController.swift in Sources */,
				76BDDDB021D44C8A00614AFA /* ScoringData.swift in Sources */,
				76045B7E21B3704A00980C63 /* MiscellaneousData.swift in Sources */,
				7640586821C4D5CB00695D68 /* ConferenceEnum.swift in Sources */,
				76045B4821B3255300980C63 /* SeasonSchedule.swift in Sources */,
				760D137C21D72DF400AD40A4 /* GoaltendingData.swift in Sources */,
				76045B6C21B36AF300980C63 /* TeamInformation.swift in Sources */,
				76045B4C21B3321B00980C63 /* ScoreInfo.swift in Sources */,
				7640585B21C2F8A300695D68 /* ConferenceStandingsViewController.swift in Sources */,
				76BDDDB821D5758200614AFA /* PlayerStatId.swift in Sources */,
				769F46E7219E543000E89895 /* ScoreCell.swift in Sources */,
				76045B5021B333F300980C63 /* ScheduleInfo.swift in Sources */,
				760D138321DA961A00AD40A4 /* NHLPlayerInjury.swift in Sources */,
				76590DD421BAFE7B0080E0CD /* TeamStandings.swift in Sources */,
				76590DEE21C050EB0080E0CD /* MainMenuCategory.swift in Sources */,
				7671F19421C0C0BA00A65E27 /* ConversionUtils.swift in Sources */,
				76590DDE21BB0DDC0080E0CD /* DatabaseManager.swift in Sources */,
				76045B5721B343EB00980C63 /* RosterPlayers.swift in Sources */,
				7640587121C8623D00695D68 /* TeamStatistics.swift in Sources */,
				76F0AD1621A249D200249F28 /* TeamManager.swift in Sources */,
				766759DB21C1ED7100AFD881 /* PositionEnum.swift in Sources */,
				76045B6121B34C9C00980C63 /* HandednessData.swift in Sources */,
				76F118C621A4D537009E5F67 /* NetworkManager.swift in Sources */,
				7640585921C2F76A00695D68 /* DivisionStandingsViewController.swift in Sources */,
				76BDDDAE21D44B5C00614AFA /* SkatingData.swift in Sources */,
				7686945421EFCB9A007F3D02 /* DisplayTeamInfoTabBarViewController.swift in Sources */,
				7686945221EC19E4007F3D02 /* DisplayPlayerInjuryViewController.swift in Sources */,
				76D60B5A219D060F0058EEB0 /* AppDelegate.swift in Sources */,
				76045B6821B3642E00980C63 /* StandingsCategory.swift in Sources */,
				7671F19621C0C76000A65E27 /* DisplayRosterViewController.swift in Sources */,
				76045B5D21B347A200980C63 /* PlayerData.swift in Sources */,
				760D137621D70EF700AD40A4 /* GameLogReferences.swift in Sources */,
				76045B4A21B3297200980C63 /* ScheduledGame.swift in Sources */,
				76BDDDB421D44EBA00614AFA /* PlayerStatsTotal.swift in Sources */,
				76BDDDC121D59C7F00614AFA /* FutureScheduleViewCell.swift in Sources */,
				760D137A21D718A600AD40A4 /* NHLGameLog.swift in Sources */,
				760D137021D7097300AD40A4 /* GameLogData.swift in Sources */,
				7671F19221C0A44300A65E27 /* DisplayTeamsViewController.swift in Sources */,
				76590DE121BDBE150080E0CD /* CellView.swift in Sources */,
				76045B7A21B36FF200980C63 /* FaceoffData.swift in Sources */,
				76045B5921B3448100980C63 /* PlayerInfo.swift in Sources */,
				76045B5F21B34C6900980C63 /* CurrentInjuryData.swift in Sources */,
				7612AB6C21E2DE3C00661CE4 /* DisplayPlayerStatisticsViewController.swift in Sources */,
				76045B7021B36B6200980C63 /* OverallRankData.swift in Sources */,
				76BDDDB621D44FF600614AFA /* PlayerStatData.swift in Sources */,
				76590DEC21BDCAA70080E0CD /* DisplayCalendarViewController.swift in Sources */,
				76045B5221B3362F00980C63 /* TeamData.swift in Sources */,
				76045B7221B36B9100980C63 /* ConferenceRankData.swift in Sources */,
				76590DE921BDC09B0080E0CD /* Schedule.swift in Sources */,
				76590DDC21BB04AE0080E0CD /* Extensions.swift in Sources */,
				76BDDDBD21D59C1000614AFA /* CompletedScheduleViewCell.swift in Sources */,
			);
			runOnlyForDeploymentPostprocessing = 0;
		};
/* End PBXSourcesBuildPhase section */

/* Begin PBXTargetDependency section */
		76BDDDA521D412E500614AFA /* PBXTargetDependency */ = {
			isa = PBXTargetDependency;
			target = 76D60B55219D060F0058EEB0 /* Hockey Info */;
			targetProxy = 76BDDDA421D412E500614AFA /* PBXContainerItemProxy */;
		};
/* End PBXTargetDependency section */

/* Begin PBXVariantGroup section */
		76D60B5D219D060F0058EEB0 /* Main.storyboard */ = {
			isa = PBXVariantGroup;
			children = (
				76D60B5E219D060F0058EEB0 /* Base */,
			);
			name = Main.storyboard;
			sourceTree = "<group>";
		};
		76D60B62219D06110058EEB0 /* LaunchScreen.storyboard */ = {
			isa = PBXVariantGroup;
			children = (
				76D60B63219D06110058EEB0 /* Base */,
			);
			name = LaunchScreen.storyboard;
			sourceTree = "<group>";
		};
/* End PBXVariantGroup section */

/* Begin XCBuildConfiguration section */
		76BDDDA621D412E500614AFA /* Debug */ = {
			isa = XCBuildConfiguration;
			buildSettings = {
				BUNDLE_LOADER = "$(TEST_HOST)";
				CODE_SIGN_STYLE = Automatic;
				INFOPLIST_FILE = HockeyInfoTests/Info.plist;
				LD_RUNPATH_SEARCH_PATHS = (
					"$(inherited)",
					"@executable_path/Frameworks",
					"@loader_path/Frameworks",
				);
				PRODUCT_BUNDLE_IDENTIFIER = com.larry.burris.HockeyInfoTests;
				PRODUCT_NAME = "$(TARGET_NAME)";
				SWIFT_VERSION = 4.2;
				TARGETED_DEVICE_FAMILY = "1,2";
				TEST_HOST = "$(BUILT_PRODUCTS_DIR)/Hockey Info.app/Hockey Info";
			};
			name = Debug;
		};
		76BDDDA721D412E500614AFA /* Release */ = {
			isa = XCBuildConfiguration;
			buildSettings = {
				BUNDLE_LOADER = "$(TEST_HOST)";
				CODE_SIGN_STYLE = Automatic;
				INFOPLIST_FILE = HockeyInfoTests/Info.plist;
				LD_RUNPATH_SEARCH_PATHS = (
					"$(inherited)",
					"@executable_path/Frameworks",
					"@loader_path/Frameworks",
				);
				PRODUCT_BUNDLE_IDENTIFIER = com.larry.burris.HockeyInfoTests;
				PRODUCT_NAME = "$(TARGET_NAME)";
				SWIFT_VERSION = 4.2;
				TARGETED_DEVICE_FAMILY = "1,2";
				TEST_HOST = "$(BUILT_PRODUCTS_DIR)/Hockey Info.app/Hockey Info";
			};
			name = Release;
		};
		76D60B66219D06110058EEB0 /* Debug */ = {
			isa = XCBuildConfiguration;
			buildSettings = {
				ALWAYS_SEARCH_USER_PATHS = NO;
				CLANG_ANALYZER_NONNULL = YES;
				CLANG_ANALYZER_NUMBER_OBJECT_CONVERSION = YES_AGGRESSIVE;
				CLANG_CXX_LANGUAGE_STANDARD = "gnu++14";
				CLANG_CXX_LIBRARY = "libc++";
				CLANG_ENABLE_MODULES = YES;
				CLANG_ENABLE_OBJC_ARC = YES;
				CLANG_ENABLE_OBJC_WEAK = YES;
				CLANG_WARN_BLOCK_CAPTURE_AUTORELEASING = YES;
				CLANG_WARN_BOOL_CONVERSION = YES;
				CLANG_WARN_COMMA = YES;
				CLANG_WARN_CONSTANT_CONVERSION = YES;
				CLANG_WARN_DEPRECATED_OBJC_IMPLEMENTATIONS = YES;
				CLANG_WARN_DIRECT_OBJC_ISA_USAGE = YES_ERROR;
				CLANG_WARN_DOCUMENTATION_COMMENTS = YES;
				CLANG_WARN_EMPTY_BODY = YES;
				CLANG_WARN_ENUM_CONVERSION = YES;
				CLANG_WARN_INFINITE_RECURSION = YES;
				CLANG_WARN_INT_CONVERSION = YES;
				CLANG_WARN_NON_LITERAL_NULL_CONVERSION = YES;
				CLANG_WARN_OBJC_IMPLICIT_RETAIN_SELF = YES;
				CLANG_WARN_OBJC_LITERAL_CONVERSION = YES;
				CLANG_WARN_OBJC_ROOT_CLASS = YES_ERROR;
				CLANG_WARN_RANGE_LOOP_ANALYSIS = YES;
				CLANG_WARN_STRICT_PROTOTYPES = YES;
				CLANG_WARN_SUSPICIOUS_MOVE = YES;
				CLANG_WARN_UNGUARDED_AVAILABILITY = YES_AGGRESSIVE;
				CLANG_WARN_UNREACHABLE_CODE = YES;
				CLANG_WARN__DUPLICATE_METHOD_MATCH = YES;
				CODE_SIGN_IDENTITY = "iPhone Developer";
				COPY_PHASE_STRIP = NO;
				DEBUG_INFORMATION_FORMAT = dwarf;
				ENABLE_STRICT_OBJC_MSGSEND = YES;
				ENABLE_TESTABILITY = YES;
				GCC_C_LANGUAGE_STANDARD = gnu11;
				GCC_DYNAMIC_NO_PIC = NO;
				GCC_NO_COMMON_BLOCKS = YES;
				GCC_OPTIMIZATION_LEVEL = 0;
				GCC_PREPROCESSOR_DEFINITIONS = (
					"DEBUG=1",
					"$(inherited)",
				);
				GCC_WARN_64_TO_32_BIT_CONVERSION = YES;
				GCC_WARN_ABOUT_RETURN_TYPE = YES_ERROR;
				GCC_WARN_UNDECLARED_SELECTOR = YES;
				GCC_WARN_UNINITIALIZED_AUTOS = YES_AGGRESSIVE;
				GCC_WARN_UNUSED_FUNCTION = YES;
				GCC_WARN_UNUSED_VARIABLE = YES;
				IPHONEOS_DEPLOYMENT_TARGET = 12.1;
				MTL_ENABLE_DEBUG_INFO = INCLUDE_SOURCE;
				MTL_FAST_MATH = YES;
				ONLY_ACTIVE_ARCH = YES;
				SDKROOT = iphoneos;
				SWIFT_ACTIVE_COMPILATION_CONDITIONS = DEBUG;
				SWIFT_OPTIMIZATION_LEVEL = "-Onone";
			};
			name = Debug;
		};
		76D60B67219D06110058EEB0 /* Release */ = {
			isa = XCBuildConfiguration;
			buildSettings = {
				ALWAYS_SEARCH_USER_PATHS = NO;
				CLANG_ANALYZER_NONNULL = YES;
				CLANG_ANALYZER_NUMBER_OBJECT_CONVERSION = YES_AGGRESSIVE;
				CLANG_CXX_LANGUAGE_STANDARD = "gnu++14";
				CLANG_CXX_LIBRARY = "libc++";
				CLANG_ENABLE_MODULES = YES;
				CLANG_ENABLE_OBJC_ARC = YES;
				CLANG_ENABLE_OBJC_WEAK = YES;
				CLANG_WARN_BLOCK_CAPTURE_AUTORELEASING = YES;
				CLANG_WARN_BOOL_CONVERSION = YES;
				CLANG_WARN_COMMA = YES;
				CLANG_WARN_CONSTANT_CONVERSION = YES;
				CLANG_WARN_DEPRECATED_OBJC_IMPLEMENTATIONS = YES;
				CLANG_WARN_DIRECT_OBJC_ISA_USAGE = YES_ERROR;
				CLANG_WARN_DOCUMENTATION_COMMENTS = YES;
				CLANG_WARN_EMPTY_BODY = YES;
				CLANG_WARN_ENUM_CONVERSION = YES;
				CLANG_WARN_INFINITE_RECURSION = YES;
				CLANG_WARN_INT_CONVERSION = YES;
				CLANG_WARN_NON_LITERAL_NULL_CONVERSION = YES;
				CLANG_WARN_OBJC_IMPLICIT_RETAIN_SELF = YES;
				CLANG_WARN_OBJC_LITERAL_CONVERSION = YES;
				CLANG_WARN_OBJC_ROOT_CLASS = YES_ERROR;
				CLANG_WARN_RANGE_LOOP_ANALYSIS = YES;
				CLANG_WARN_STRICT_PROTOTYPES = YES;
				CLANG_WARN_SUSPICIOUS_MOVE = YES;
				CLANG_WARN_UNGUARDED_AVAILABILITY = YES_AGGRESSIVE;
				CLANG_WARN_UNREACHABLE_CODE = YES;
				CLANG_WARN__DUPLICATE_METHOD_MATCH = YES;
				CODE_SIGN_IDENTITY = "iPhone Developer";
				COPY_PHASE_STRIP = NO;
				DEBUG_INFORMATION_FORMAT = "dwarf-with-dsym";
				ENABLE_NS_ASSERTIONS = NO;
				ENABLE_STRICT_OBJC_MSGSEND = YES;
				GCC_C_LANGUAGE_STANDARD = gnu11;
				GCC_NO_COMMON_BLOCKS = YES;
				GCC_WARN_64_TO_32_BIT_CONVERSION = YES;
				GCC_WARN_ABOUT_RETURN_TYPE = YES_ERROR;
				GCC_WARN_UNDECLARED_SELECTOR = YES;
				GCC_WARN_UNINITIALIZED_AUTOS = YES_AGGRESSIVE;
				GCC_WARN_UNUSED_FUNCTION = YES;
				GCC_WARN_UNUSED_VARIABLE = YES;
				IPHONEOS_DEPLOYMENT_TARGET = 12.1;
				MTL_ENABLE_DEBUG_INFO = NO;
				MTL_FAST_MATH = YES;
				SDKROOT = iphoneos;
				SWIFT_COMPILATION_MODE = wholemodule;
				SWIFT_OPTIMIZATION_LEVEL = "-O";
				VALIDATE_PRODUCT = YES;
			};
			name = Release;
		};
		76D60B69219D06110058EEB0 /* Debug */ = {
			isa = XCBuildConfiguration;
			baseConfigurationReference = 96E07D2F0940FA8A3635712C /* Pods-Hockey Info.debug.xcconfig */;
			buildSettings = {
				ASSETCATALOG_COMPILER_APPICON_NAME = AppIcon;
				CODE_SIGN_STYLE = Automatic;
				DEVELOPMENT_TEAM = C37927XKUL;
				INFOPLIST_FILE = "Hockey Info/Info.plist";
				LD_RUNPATH_SEARCH_PATHS = (
					"$(inherited)",
					"@executable_path/Frameworks",
				);
				PRODUCT_BUNDLE_IDENTIFIER = "com.larry.burris.Hockey-Info";
				PRODUCT_NAME = "$(TARGET_NAME)";
				SWIFT_VERSION = 4.2;
				TARGETED_DEVICE_FAMILY = 1;
			};
			name = Debug;
		};
		76D60B6A219D06110058EEB0 /* Release */ = {
			isa = XCBuildConfiguration;
			baseConfigurationReference = E3619F0A6A1F92A56F6525C4 /* Pods-Hockey Info.release.xcconfig */;
			buildSettings = {
				ASSETCATALOG_COMPILER_APPICON_NAME = AppIcon;
				CODE_SIGN_STYLE = Automatic;
				DEVELOPMENT_TEAM = C37927XKUL;
				INFOPLIST_FILE = "Hockey Info/Info.plist";
				LD_RUNPATH_SEARCH_PATHS = (
					"$(inherited)",
					"@executable_path/Frameworks",
				);
				PRODUCT_BUNDLE_IDENTIFIER = "com.larry.burris.Hockey-Info";
				PRODUCT_NAME = "$(TARGET_NAME)";
				SWIFT_VERSION = 4.2;
				TARGETED_DEVICE_FAMILY = 1;
			};
			name = Release;
		};
/* End XCBuildConfiguration section */

/* Begin XCConfigurationList section */
		76BDDDA821D412E500614AFA /* Build configuration list for PBXNativeTarget "HockeyInfoTests" */ = {
			isa = XCConfigurationList;
			buildConfigurations = (
				76BDDDA621D412E500614AFA /* Debug */,
				76BDDDA721D412E500614AFA /* Release */,
			);
			defaultConfigurationIsVisible = 0;
			defaultConfigurationName = Release;
		};
		76D60B51219D060F0058EEB0 /* Build configuration list for PBXProject "Hockey Info" */ = {
			isa = XCConfigurationList;
			buildConfigurations = (
				76D60B66219D06110058EEB0 /* Debug */,
				76D60B67219D06110058EEB0 /* Release */,
			);
			defaultConfigurationIsVisible = 0;
			defaultConfigurationName = Release;
		};
		76D60B68219D06110058EEB0 /* Build configuration list for PBXNativeTarget "Hockey Info" */ = {
			isa = XCConfigurationList;
			buildConfigurations = (
				76D60B69219D06110058EEB0 /* Debug */,
				76D60B6A219D06110058EEB0 /* Release */,
			);
			defaultConfigurationIsVisible = 0;
			defaultConfigurationName = Release;
		};
/* End XCConfigurationList section */
	};
	rootObject = 76D60B4E219D060F0058EEB0 /* Project object */;
}
